// !$*UTF8*$!
{
	archiveVersion = 1;
	classes = {
	};
	objectVersion = 46;
	objects = {

/* Begin PBXBuildFile section */
		57574F1A15AAA22C008EDA17 /* FTNSStringKeyValueTest.m in Sources */ = {isa = PBXBuildFile; fileRef = 57574F1915AAA22C008EDA17 /* FTNSStringKeyValueTest.m */; };
		57B32C1914C695A600C39CA2 /* Foundation.framework in Frameworks */ = {isa = PBXBuildFile; fileRef = 57B32BB414C6850000C39CA2 /* Foundation.framework */; };
		57B32C1F14C695A600C39CA2 /* InfoPlist.strings in Resources */ = {isa = PBXBuildFile; fileRef = 57B32C1D14C695A600C39CA2 /* InfoPlist.strings */; };
		57B32C2914C697F200C39CA2 /* FTNSStringEncodeTest.m in Sources */ = {isa = PBXBuildFile; fileRef = 57B32C2814C697F200C39CA2 /* FTNSStringEncodeTest.m */; };
		57B32C3114C6A69200C39CA2 /* FTNSStringDataLengthTest.m in Sources */ = {isa = PBXBuildFile; fileRef = 57B32C3014C6A69200C39CA2 /* FTNSStringDataLengthTest.m */; };
		57B32C3414C6A7C400C39CA2 /* FTBase64Test.m in Sources */ = {isa = PBXBuildFile; fileRef = 57B32C3314C6A7C400C39CA2 /* FTBase64Test.m */; };
		57B32C3E14C6ABAC00C39CA2 /* FTCRCTest.m in Sources */ = {isa = PBXBuildFile; fileRef = 57B32C3D14C6ABAB00C39CA2 /* FTCRCTest.m */; };
		57B32C4114C6AC6200C39CA2 /* FTMD5Test.m in Sources */ = {isa = PBXBuildFile; fileRef = 57B32C4014C6AC6200C39CA2 /* FTMD5Test.m */; };
		57B32C4414C6AD0B00C39CA2 /* FTSHA1Test.m in Sources */ = {isa = PBXBuildFile; fileRef = 57B32C4314C6AD0B00C39CA2 /* FTSHA1Test.m */; };
		57B32C5014C6B09400C39CA2 /* FTNSDataCryptoTest.m in Sources */ = {isa = PBXBuildFile; fileRef = 57B32C4F14C6B09400C39CA2 /* FTNSDataCryptoTest.m */; };
		BE5A723318B5A57E00134093 /* FTBlockTimer.m in Sources */ = {isa = PBXBuildFile; fileRef = BE5A723218B5A57E00134093 /* FTBlockTimer.m */; };
		BE6FCD6218B5900B00038B37 /* FTIsEqualTest.m in Sources */ = {isa = PBXBuildFile; fileRef = BE6FCD6118B5900B00038B37 /* FTIsEqualTest.m */; };
		BEA33223153675F300EE8D2D /* csv_CR.csv in Resources */ = {isa = PBXBuildFile; fileRef = BEA33220153675F300EE8D2D /* csv_CR.csv */; };
		BEA33224153675F300EE8D2D /* csv_CRLF.csv in Resources */ = {isa = PBXBuildFile; fileRef = BEA33221153675F300EE8D2D /* csv_CRLF.csv */; };
		BEA33225153675F300EE8D2D /* csv_LF.csv in Resources */ = {isa = PBXBuildFile; fileRef = BEA33222153675F300EE8D2D /* csv_LF.csv */; };
		BEA332291536760B00EE8D2D /* FTCSVParserTest.m in Sources */ = {isa = PBXBuildFile; fileRef = BEA332281536760B00EE8D2D /* FTCSVParserTest.m */; };
		BEABD97B15CA58E3003E5C73 /* FTTypeCheckKeyPathTest.m in Sources */ = {isa = PBXBuildFile; fileRef = BEABD97A15CA58E3003E5C73 /* FTTypeCheckKeyPathTest.m */; };
		BEC8613218B5896D00199D02 /* FTIsEqual.m in Sources */ = {isa = PBXBuildFile; fileRef = BEC8613118B5896D00199D02 /* FTIsEqual.m */; };
		BEF5C2C51761A0F2002B59C1 /* MobileCoreServices.framework in Frameworks */ = {isa = PBXBuildFile; fileRef = BEF5C2C41761A0F2002B59C1 /* MobileCoreServices.framework */; };
		BEF5C2C71761A0FA002B59C1 /* Security.framework in Frameworks */ = {isa = PBXBuildFile; fileRef = BEF5C2C61761A0FA002B59C1 /* Security.framework */; };
		BEF5C2C91761A102002B59C1 /* CoreData.framework in Frameworks */ = {isa = PBXBuildFile; fileRef = BEF5C2C81761A102002B59C1 /* CoreData.framework */; };
		BEF5C2CB1761A107002B59C1 /* SystemConfiguration.framework in Frameworks */ = {isa = PBXBuildFile; fileRef = BEF5C2CA1761A107002B59C1 /* SystemConfiguration.framework */; };
		BEF5C2CD1761A10E002B59C1 /* CoreFoundation.framework in Frameworks */ = {isa = PBXBuildFile; fileRef = BEF5C2CC1761A10E002B59C1 /* CoreFoundation.framework */; };
		BEF5C2CE1761A161002B59C1 /* FTNSString+Encode.m in Sources */ = {isa = PBXBuildFile; fileRef = 57B32BC514C685C600C39CA2 /* FTNSString+Encode.m */; };
		BEF5C2CF1761A161002B59C1 /* FTNSString+DataLength.m in Sources */ = {isa = PBXBuildFile; fileRef = 57B32BED14C68A4A00C39CA2 /* FTNSString+DataLength.m */; };
		BEF5C2D01761A161002B59C1 /* FTNSString+UUID.m in Sources */ = {isa = PBXBuildFile; fileRef = 57B32BF214C68BE700C39CA2 /* FTNSString+UUID.m */; };
		BEF5C2D11761A161002B59C1 /* FTNSString+UTI.m in Sources */ = {isa = PBXBuildFile; fileRef = 57B32BF614C68C3500C39CA2 /* FTNSString+UTI.m */; };
		BEF5C2D21761A161002B59C1 /* FTNSString+KeyValue.m in Sources */ = {isa = PBXBuildFile; fileRef = 57574F1415AAA126008EDA17 /* FTNSString+KeyValue.m */; };
		BEF5C2D31761A161002B59C1 /* FTNSData+Crypto.m in Sources */ = {isa = PBXBuildFile; fileRef = 57B32C4614C6AFB500C39CA2 /* FTNSData+Crypto.m */; };
		BEF5C2D41761A161002B59C1 /* FTNSData+Random.m in Sources */ = {isa = PBXBuildFile; fileRef = 57B32C4A14C6B02800C39CA2 /* FTNSData+Random.m */; };
		BEF5C2D51761A161002B59C1 /* FTNSData+GZip.m in Sources */ = {isa = PBXBuildFile; fileRef = 57A47BB214C80C300004A13A /* FTNSData+GZip.m */; };
		BEF5C2D61761A161002B59C1 /* FTBase64.m in Sources */ = {isa = PBXBuildFile; fileRef = 57B32BFB14C68DB100C39CA2 /* FTBase64.m */; };
		BEF5C2D71761A161002B59C1 /* FTCRC.m in Sources */ = {isa = PBXBuildFile; fileRef = 57B32BFF14C68F2400C39CA2 /* FTCRC.m */; };
		BEF5C2D81761A161002B59C1 /* FTMD5.m in Sources */ = {isa = PBXBuildFile; fileRef = 57B32C0314C6901600C39CA2 /* FTMD5.m */; };
		BEF5C2D91761A161002B59C1 /* FTSHA1.m in Sources */ = {isa = PBXBuildFile; fileRef = 57B32C0714C6915E00C39CA2 /* FTSHA1.m */; };
		BEF5C2DA1761A161002B59C1 /* FTHMAC.m in Sources */ = {isa = PBXBuildFile; fileRef = 57B32C0B14C6942600C39CA2 /* FTHMAC.m */; };
		BEF5C2DB1761A161002B59C1 /* FTOAuth10.m in Sources */ = {isa = PBXBuildFile; fileRef = 57EF27A11551108200C01032 /* FTOAuth10.m */; };
		BEF5C2DC1761A161002B59C1 /* FTDataStorage.m in Sources */ = {isa = PBXBuildFile; fileRef = 57A47BD114C8118A0004A13A /* FTDataStorage.m */; };
		BEF5C2DD1761A161002B59C1 /* FTNSManagedObjectContext+Save.m in Sources */ = {isa = PBXBuildFile; fileRef = 57D66C8914D90E5E004B3759 /* FTNSManagedObjectContext+Save.m */; };
		BEF5C2DF1761A161002B59C1 /* NSFileManager+Utilities.m in Sources */ = {isa = PBXBuildFile; fileRef = BE7DD6AF154645A000C6D97F /* NSFileManager+Utilities.m */; };
		BEF5C2E01761A161002B59C1 /* FTCFAutorelease.m in Sources */ = {isa = PBXBuildFile; fileRef = BE99B27B1536BF9600904355 /* FTCFAutorelease.m */; settings = {COMPILER_FLAGS = "-fno-objc-arc"; }; };
		BEF5C2E11761A161002B59C1 /* FTNSBlockOperation+SelfReference.m in Sources */ = {isa = PBXBuildFile; fileRef = BE99B27D1536BF9600904355 /* FTNSBlockOperation+SelfReference.m */; };
		BEF5C2E21761A161002B59C1 /* FTNSHTTPCookieStorage+Delete.m in Sources */ = {isa = PBXBuildFile; fileRef = BE99B27F1536BF9600904355 /* FTNSHTTPCookieStorage+Delete.m */; };
		BEF5C2E31761A161002B59C1 /* FTWeakDelegateProxy.m in Sources */ = {isa = PBXBuildFile; fileRef = BE99B2811536BF9700904355 /* FTWeakDelegateProxy.m */; };
		BEF5C2E41761A161002B59C1 /* FTKeychain.m in Sources */ = {isa = PBXBuildFile; fileRef = BE02556A150601A70068D91D /* FTKeychain.m */; };
		BEF5C2E51761A161002B59C1 /* FTCharacterEncodingTool.m in Sources */ = {isa = PBXBuildFile; fileRef = 57A47BA714C80A7D0004A13A /* FTCharacterEncodingTool.m */; };
		BEF5C2E61761A161002B59C1 /* FTNSUserDefaults+Ex.m in Sources */ = {isa = PBXBuildFile; fileRef = 57A47BC914C80DD50004A13A /* FTNSUserDefaults+Ex.m */; };
		BEF5C2E71761A161002B59C1 /* FTNSURL+Query.m in Sources */ = {isa = PBXBuildFile; fileRef = 57A47BCD14C80E9D0004A13A /* FTNSURL+Query.m */; };
		BEF5C2E81761A161002B59C1 /* FTNetworkInterface.m in Sources */ = {isa = PBXBuildFile; fileRef = F0EB598D159D70A600D5654C /* FTNetworkInterface.m */; };
		BEF5C2E91761A161002B59C1 /* FTNetworkStatus.m in Sources */ = {isa = PBXBuildFile; fileRef = 57A47BD314C8118A0004A13A /* FTNetworkStatus.m */; };
		BEF5C2EA1761A161002B59C1 /* FTNSObject+Tag.m in Sources */ = {isa = PBXBuildFile; fileRef = 57D66C8E14D90EA7004B3759 /* FTNSObject+Tag.m */; };
		BEF5C2EB1761A161002B59C1 /* FTCSVParser.m in Sources */ = {isa = PBXBuildFile; fileRef = 57D66C9314D90F47004B3759 /* FTCSVParser.m */; };
		BEF5C2EC1761A161002B59C1 /* FTNSObject+TypeCheck.m in Sources */ = {isa = PBXBuildFile; fileRef = BE45254815DE2CC400D68483 /* FTNSObject+TypeCheck.m */; };
		BEF5C2ED1761A161002B59C1 /* FTNSDictionary+TypeCheckKeyPath.m in Sources */ = {isa = PBXBuildFile; fileRef = BEABD97515CA571E003E5C73 /* FTNSDictionary+TypeCheckKeyPath.m */; };
		BEF5C2EF1761A1DD002B59C1 /* libz.dylib in Frameworks */ = {isa = PBXBuildFile; fileRef = BEF5C2EE1761A1DD002B59C1 /* libz.dylib */; };
/* End PBXBuildFile section */

/* Begin PBXFileReference section */
		57574F1315AAA126008EDA17 /* FTNSString+KeyValue.h */ = {isa = PBXFileReference; fileEncoding = 4; lastKnownFileType = sourcecode.c.h; path = "FTNSString+KeyValue.h"; sourceTree = "<group>"; };
		57574F1415AAA126008EDA17 /* FTNSString+KeyValue.m */ = {isa = PBXFileReference; fileEncoding = 4; lastKnownFileType = sourcecode.c.objc; path = "FTNSString+KeyValue.m"; sourceTree = "<group>"; };
		57574F1915AAA22C008EDA17 /* FTNSStringKeyValueTest.m */ = {isa = PBXFileReference; fileEncoding = 4; lastKnownFileType = sourcecode.c.objc; path = FTNSStringKeyValueTest.m; sourceTree = "<group>"; };
		57A47BA614C80A7D0004A13A /* FTCharacterEncodingTool.h */ = {isa = PBXFileReference; fileEncoding = 4; lastKnownFileType = sourcecode.c.h; path = FTCharacterEncodingTool.h; sourceTree = "<group>"; };
		57A47BA714C80A7D0004A13A /* FTCharacterEncodingTool.m */ = {isa = PBXFileReference; fileEncoding = 4; lastKnownFileType = sourcecode.c.objc; path = FTCharacterEncodingTool.m; sourceTree = "<group>"; };
		57A47BB114C80C300004A13A /* FTNSData+GZip.h */ = {isa = PBXFileReference; fileEncoding = 4; lastKnownFileType = sourcecode.c.h; path = "FTNSData+GZip.h"; sourceTree = "<group>"; };
		57A47BB214C80C300004A13A /* FTNSData+GZip.m */ = {isa = PBXFileReference; fileEncoding = 4; lastKnownFileType = sourcecode.c.objc; path = "FTNSData+GZip.m"; sourceTree = "<group>"; };
		57A47BC814C80DD50004A13A /* FTNSUserDefaults+Ex.h */ = {isa = PBXFileReference; fileEncoding = 4; lastKnownFileType = sourcecode.c.h; path = "FTNSUserDefaults+Ex.h"; sourceTree = "<group>"; };
		57A47BC914C80DD50004A13A /* FTNSUserDefaults+Ex.m */ = {isa = PBXFileReference; fileEncoding = 4; lastKnownFileType = sourcecode.c.objc; path = "FTNSUserDefaults+Ex.m"; sourceTree = "<group>"; };
		57A47BCC14C80E9D0004A13A /* FTNSURL+Query.h */ = {isa = PBXFileReference; fileEncoding = 4; lastKnownFileType = sourcecode.c.h; path = "FTNSURL+Query.h"; sourceTree = "<group>"; };
		57A47BCD14C80E9D0004A13A /* FTNSURL+Query.m */ = {isa = PBXFileReference; fileEncoding = 4; lastKnownFileType = sourcecode.c.objc; path = "FTNSURL+Query.m"; sourceTree = "<group>"; };
		57A47BD014C8118A0004A13A /* FTDataStorage.h */ = {isa = PBXFileReference; fileEncoding = 4; lastKnownFileType = sourcecode.c.h; path = FTDataStorage.h; sourceTree = "<group>"; };
		57A47BD114C8118A0004A13A /* FTDataStorage.m */ = {isa = PBXFileReference; fileEncoding = 4; lastKnownFileType = sourcecode.c.objc; path = FTDataStorage.m; sourceTree = "<group>"; };
		57A47BD214C8118A0004A13A /* FTNetworkStatus.h */ = {isa = PBXFileReference; fileEncoding = 4; lastKnownFileType = sourcecode.c.h; path = FTNetworkStatus.h; sourceTree = "<group>"; };
		57A47BD314C8118A0004A13A /* FTNetworkStatus.m */ = {isa = PBXFileReference; fileEncoding = 4; lastKnownFileType = sourcecode.c.objc; path = FTNetworkStatus.m; sourceTree = "<group>"; };
		57A8E92B15008EE4006493E4 /* FTMacros.h */ = {isa = PBXFileReference; fileEncoding = 4; lastKnownFileType = sourcecode.c.h; path = FTMacros.h; sourceTree = "<group>"; };
		57B32BB414C6850000C39CA2 /* Foundation.framework */ = {isa = PBXFileReference; lastKnownFileType = wrapper.framework; name = Foundation.framework; path = System/Library/Frameworks/Foundation.framework; sourceTree = SDKROOT; };
		57B32BB814C6850000C39CA2 /* FTFoundation-Prefix.pch */ = {isa = PBXFileReference; lastKnownFileType = sourcecode.c.h; path = "FTFoundation-Prefix.pch"; sourceTree = "<group>"; };
		57B32BC414C685C600C39CA2 /* FTNSString+Encode.h */ = {isa = PBXFileReference; fileEncoding = 4; lastKnownFileType = sourcecode.c.h; path = "FTNSString+Encode.h"; sourceTree = "<group>"; };
		57B32BC514C685C600C39CA2 /* FTNSString+Encode.m */ = {isa = PBXFileReference; fileEncoding = 4; lastKnownFileType = sourcecode.c.objc; path = "FTNSString+Encode.m"; sourceTree = "<group>"; };
		57B32BEC14C68A4A00C39CA2 /* FTNSString+DataLength.h */ = {isa = PBXFileReference; fileEncoding = 4; lastKnownFileType = sourcecode.c.h; path = "FTNSString+DataLength.h"; sourceTree = "<group>"; };
		57B32BED14C68A4A00C39CA2 /* FTNSString+DataLength.m */ = {isa = PBXFileReference; fileEncoding = 4; lastKnownFileType = sourcecode.c.objc; path = "FTNSString+DataLength.m"; sourceTree = "<group>"; };
		57B32BF114C68BE700C39CA2 /* FTNSString+UUID.h */ = {isa = PBXFileReference; fileEncoding = 4; lastKnownFileType = sourcecode.c.h; path = "FTNSString+UUID.h"; sourceTree = "<group>"; };
		57B32BF214C68BE700C39CA2 /* FTNSString+UUID.m */ = {isa = PBXFileReference; fileEncoding = 4; lastKnownFileType = sourcecode.c.objc; path = "FTNSString+UUID.m"; sourceTree = "<group>"; };
		57B32BF514C68C3500C39CA2 /* FTNSString+UTI.h */ = {isa = PBXFileReference; fileEncoding = 4; lastKnownFileType = sourcecode.c.h; path = "FTNSString+UTI.h"; sourceTree = "<group>"; };
		57B32BF614C68C3500C39CA2 /* FTNSString+UTI.m */ = {isa = PBXFileReference; fileEncoding = 4; lastKnownFileType = sourcecode.c.objc; path = "FTNSString+UTI.m"; sourceTree = "<group>"; };
		57B32BFA14C68DB100C39CA2 /* FTBase64.h */ = {isa = PBXFileReference; fileEncoding = 4; lastKnownFileType = sourcecode.c.h; path = FTBase64.h; sourceTree = "<group>"; };
		57B32BFB14C68DB100C39CA2 /* FTBase64.m */ = {isa = PBXFileReference; fileEncoding = 4; lastKnownFileType = sourcecode.c.objc; path = FTBase64.m; sourceTree = "<group>"; };
		57B32BFE14C68F2400C39CA2 /* FTCRC.h */ = {isa = PBXFileReference; fileEncoding = 4; lastKnownFileType = sourcecode.c.h; path = FTCRC.h; sourceTree = "<group>"; };
		57B32BFF14C68F2400C39CA2 /* FTCRC.m */ = {isa = PBXFileReference; fileEncoding = 4; lastKnownFileType = sourcecode.c.objc; path = FTCRC.m; sourceTree = "<group>"; };
		57B32C0214C6901600C39CA2 /* FTMD5.h */ = {isa = PBXFileReference; fileEncoding = 4; lastKnownFileType = sourcecode.c.h; path = FTMD5.h; sourceTree = "<group>"; };
		57B32C0314C6901600C39CA2 /* FTMD5.m */ = {isa = PBXFileReference; fileEncoding = 4; lastKnownFileType = sourcecode.c.objc; path = FTMD5.m; sourceTree = "<group>"; };
		57B32C0614C6915E00C39CA2 /* FTSHA1.h */ = {isa = PBXFileReference; fileEncoding = 4; lastKnownFileType = sourcecode.c.h; path = FTSHA1.h; sourceTree = "<group>"; };
		57B32C0714C6915E00C39CA2 /* FTSHA1.m */ = {isa = PBXFileReference; fileEncoding = 4; lastKnownFileType = sourcecode.c.objc; path = FTSHA1.m; sourceTree = "<group>"; };
		57B32C0A14C6942600C39CA2 /* FTHMAC.h */ = {isa = PBXFileReference; fileEncoding = 4; lastKnownFileType = sourcecode.c.h; path = FTHMAC.h; sourceTree = "<group>"; };
		57B32C0B14C6942600C39CA2 /* FTHMAC.m */ = {isa = PBXFileReference; fileEncoding = 4; lastKnownFileType = sourcecode.c.objc; path = FTHMAC.m; sourceTree = "<group>"; };
		57B32C1414C695A600C39CA2 /* FTFoundationTest.xctest */ = {isa = PBXFileReference; explicitFileType = wrapper.cfbundle; includeInIndex = 0; path = FTFoundationTest.xctest; sourceTree = BUILT_PRODUCTS_DIR; };
		57B32C1C14C695A600C39CA2 /* FTFoundationTest-Info.plist */ = {isa = PBXFileReference; lastKnownFileType = text.plist.xml; path = "FTFoundationTest-Info.plist"; sourceTree = "<group>"; };
		57B32C1E14C695A600C39CA2 /* en */ = {isa = PBXFileReference; lastKnownFileType = text.plist.strings; name = en; path = en.lproj/InfoPlist.strings; sourceTree = "<group>"; };
		57B32C2314C695A600C39CA2 /* FTFoundationTest-Prefix.pch */ = {isa = PBXFileReference; lastKnownFileType = sourcecode.c.h; path = "FTFoundationTest-Prefix.pch"; sourceTree = "<group>"; };
		57B32C2814C697F200C39CA2 /* FTNSStringEncodeTest.m */ = {isa = PBXFileReference; fileEncoding = 4; lastKnownFileType = sourcecode.c.objc; path = FTNSStringEncodeTest.m; sourceTree = "<group>"; };
		57B32C3014C6A69200C39CA2 /* FTNSStringDataLengthTest.m */ = {isa = PBXFileReference; fileEncoding = 4; lastKnownFileType = sourcecode.c.objc; path = FTNSStringDataLengthTest.m; sourceTree = "<group>"; };
		57B32C3314C6A7C400C39CA2 /* FTBase64Test.m */ = {isa = PBXFileReference; fileEncoding = 4; lastKnownFileType = sourcecode.c.objc; path = FTBase64Test.m; sourceTree = "<group>"; };
		57B32C3B14C6AB6400C39CA2 /* Common.h */ = {isa = PBXFileReference; fileEncoding = 4; lastKnownFileType = sourcecode.c.h; path = Common.h; sourceTree = "<group>"; };
		57B32C3D14C6ABAB00C39CA2 /* FTCRCTest.m */ = {isa = PBXFileReference; fileEncoding = 4; lastKnownFileType = sourcecode.c.objc; path = FTCRCTest.m; sourceTree = "<group>"; };
		57B32C4014C6AC6200C39CA2 /* FTMD5Test.m */ = {isa = PBXFileReference; fileEncoding = 4; lastKnownFileType = sourcecode.c.objc; path = FTMD5Test.m; sourceTree = "<group>"; };
		57B32C4314C6AD0B00C39CA2 /* FTSHA1Test.m */ = {isa = PBXFileReference; fileEncoding = 4; lastKnownFileType = sourcecode.c.objc; path = FTSHA1Test.m; sourceTree = "<group>"; };
		57B32C4514C6AFB500C39CA2 /* FTNSData+Crypto.h */ = {isa = PBXFileReference; fileEncoding = 4; lastKnownFileType = sourcecode.c.h; path = "FTNSData+Crypto.h"; sourceTree = "<group>"; };
		57B32C4614C6AFB500C39CA2 /* FTNSData+Crypto.m */ = {isa = PBXFileReference; fileEncoding = 4; lastKnownFileType = sourcecode.c.objc; path = "FTNSData+Crypto.m"; sourceTree = "<group>"; };
		57B32C4914C6B02800C39CA2 /* FTNSData+Random.h */ = {isa = PBXFileReference; fileEncoding = 4; lastKnownFileType = sourcecode.c.h; path = "FTNSData+Random.h"; sourceTree = "<group>"; };
		57B32C4A14C6B02800C39CA2 /* FTNSData+Random.m */ = {isa = PBXFileReference; fileEncoding = 4; lastKnownFileType = sourcecode.c.objc; path = "FTNSData+Random.m"; sourceTree = "<group>"; };
		57B32C4F14C6B09400C39CA2 /* FTNSDataCryptoTest.m */ = {isa = PBXFileReference; fileEncoding = 4; lastKnownFileType = sourcecode.c.objc; path = FTNSDataCryptoTest.m; sourceTree = "<group>"; };
		57D66C8814D90E5E004B3759 /* FTNSManagedObjectContext+Save.h */ = {isa = PBXFileReference; fileEncoding = 4; lastKnownFileType = sourcecode.c.h; path = "FTNSManagedObjectContext+Save.h"; sourceTree = "<group>"; };
		57D66C8914D90E5E004B3759 /* FTNSManagedObjectContext+Save.m */ = {isa = PBXFileReference; fileEncoding = 4; lastKnownFileType = sourcecode.c.objc; path = "FTNSManagedObjectContext+Save.m"; sourceTree = "<group>"; };
		57D66C8D14D90EA6004B3759 /* FTNSObject+Tag.h */ = {isa = PBXFileReference; fileEncoding = 4; lastKnownFileType = sourcecode.c.h; path = "FTNSObject+Tag.h"; sourceTree = "<group>"; };
		57D66C8E14D90EA7004B3759 /* FTNSObject+Tag.m */ = {isa = PBXFileReference; fileEncoding = 4; lastKnownFileType = sourcecode.c.objc; path = "FTNSObject+Tag.m"; sourceTree = "<group>"; };
		57D66C9214D90F47004B3759 /* FTCSVParser.h */ = {isa = PBXFileReference; fileEncoding = 4; lastKnownFileType = sourcecode.c.h; path = FTCSVParser.h; sourceTree = "<group>"; };
		57D66C9314D90F47004B3759 /* FTCSVParser.m */ = {isa = PBXFileReference; fileEncoding = 4; lastKnownFileType = sourcecode.c.objc; path = FTCSVParser.m; sourceTree = "<group>"; };
		57EF27A01551108200C01032 /* FTOAuth10.h */ = {isa = PBXFileReference; fileEncoding = 4; lastKnownFileType = sourcecode.c.h; path = FTOAuth10.h; sourceTree = "<group>"; };
		57EF27A11551108200C01032 /* FTOAuth10.m */ = {isa = PBXFileReference; fileEncoding = 4; lastKnownFileType = sourcecode.c.objc; path = FTOAuth10.m; sourceTree = "<group>"; };
		BE025569150601A70068D91D /* FTKeychain.h */ = {isa = PBXFileReference; fileEncoding = 4; lastKnownFileType = sourcecode.c.h; path = FTKeychain.h; sourceTree = "<group>"; };
		BE02556A150601A70068D91D /* FTKeychain.m */ = {isa = PBXFileReference; fileEncoding = 4; lastKnownFileType = sourcecode.c.objc; path = FTKeychain.m; sourceTree = "<group>"; };
		BE45254715DE2CC400D68483 /* FTNSObject+TypeCheck.h */ = {isa = PBXFileReference; fileEncoding = 4; lastKnownFileType = sourcecode.c.h; path = "FTNSObject+TypeCheck.h"; sourceTree = "<group>"; };
		BE45254815DE2CC400D68483 /* FTNSObject+TypeCheck.m */ = {isa = PBXFileReference; fileEncoding = 4; lastKnownFileType = sourcecode.c.objc; path = "FTNSObject+TypeCheck.m"; sourceTree = "<group>"; };
		BE5A723118B5A57E00134093 /* FTBlockTimer.h */ = {isa = PBXFileReference; fileEncoding = 4; lastKnownFileType = sourcecode.c.h; path = FTBlockTimer.h; sourceTree = "<group>"; };
		BE5A723218B5A57E00134093 /* FTBlockTimer.m */ = {isa = PBXFileReference; fileEncoding = 4; lastKnownFileType = sourcecode.c.objc; path = FTBlockTimer.m; sourceTree = "<group>"; };
		BE6FCD6118B5900B00038B37 /* FTIsEqualTest.m */ = {isa = PBXFileReference; fileEncoding = 4; lastKnownFileType = sourcecode.c.objc; path = FTIsEqualTest.m; sourceTree = "<group>"; };
		BE7DD6AE154645A000C6D97F /* NSFileManager+Utilities.h */ = {isa = PBXFileReference; fileEncoding = 4; lastKnownFileType = sourcecode.c.h; path = "NSFileManager+Utilities.h"; sourceTree = "<group>"; };
		BE7DD6AF154645A000C6D97F /* NSFileManager+Utilities.m */ = {isa = PBXFileReference; fileEncoding = 4; lastKnownFileType = sourcecode.c.objc; path = "NSFileManager+Utilities.m"; sourceTree = "<group>"; };
		BE8F4253155CE69900881DE8 /* FTFoundation.h */ = {isa = PBXFileReference; fileEncoding = 4; lastKnownFileType = sourcecode.c.h; path = FTFoundation.h; sourceTree = "<group>"; };
		BE99B27A1536BF9600904355 /* FTCFAutorelease.h */ = {isa = PBXFileReference; fileEncoding = 4; lastKnownFileType = sourcecode.c.h; path = FTCFAutorelease.h; sourceTree = "<group>"; };
		BE99B27B1536BF9600904355 /* FTCFAutorelease.m */ = {isa = PBXFileReference; fileEncoding = 4; lastKnownFileType = sourcecode.c.objc; path = FTCFAutorelease.m; sourceTree = "<group>"; };
		BE99B27C1536BF9600904355 /* FTNSBlockOperation+SelfReference.h */ = {isa = PBXFileReference; fileEncoding = 4; lastKnownFileType = sourcecode.c.h; path = "FTNSBlockOperation+SelfReference.h"; sourceTree = "<group>"; };
		BE99B27D1536BF9600904355 /* FTNSBlockOperation+SelfReference.m */ = {isa = PBXFileReference; fileEncoding = 4; lastKnownFileType = sourcecode.c.objc; path = "FTNSBlockOperation+SelfReference.m"; sourceTree = "<group>"; };
		BE99B27E1536BF9600904355 /* FTNSHTTPCookieStorage+Delete.h */ = {isa = PBXFileReference; fileEncoding = 4; lastKnownFileType = sourcecode.c.h; path = "FTNSHTTPCookieStorage+Delete.h"; sourceTree = "<group>"; };
		BE99B27F1536BF9600904355 /* FTNSHTTPCookieStorage+Delete.m */ = {isa = PBXFileReference; fileEncoding = 4; lastKnownFileType = sourcecode.c.objc; path = "FTNSHTTPCookieStorage+Delete.m"; sourceTree = "<group>"; };
		BE99B2801536BF9700904355 /* FTWeakDelegateProxy.h */ = {isa = PBXFileReference; fileEncoding = 4; lastKnownFileType = sourcecode.c.h; path = FTWeakDelegateProxy.h; sourceTree = "<group>"; };
		BE99B2811536BF9700904355 /* FTWeakDelegateProxy.m */ = {isa = PBXFileReference; fileEncoding = 4; lastKnownFileType = sourcecode.c.objc; path = FTWeakDelegateProxy.m; sourceTree = "<group>"; };
		BEA33220153675F300EE8D2D /* csv_CR.csv */ = {isa = PBXFileReference; fileEncoding = 4; lastKnownFileType = text; path = csv_CR.csv; sourceTree = "<group>"; };
		BEA33221153675F300EE8D2D /* csv_CRLF.csv */ = {isa = PBXFileReference; fileEncoding = 4; lastKnownFileType = text; path = csv_CRLF.csv; sourceTree = "<group>"; };
		BEA33222153675F300EE8D2D /* csv_LF.csv */ = {isa = PBXFileReference; fileEncoding = 4; lastKnownFileType = text; path = csv_LF.csv; sourceTree = "<group>"; };
		BEA332281536760B00EE8D2D /* FTCSVParserTest.m */ = {isa = PBXFileReference; fileEncoding = 4; lastKnownFileType = sourcecode.c.objc; path = FTCSVParserTest.m; sourceTree = "<group>"; };
		BEABD97415CA571E003E5C73 /* FTNSDictionary+TypeCheckKeyPath.h */ = {isa = PBXFileReference; fileEncoding = 4; lastKnownFileType = sourcecode.c.h; path = "FTNSDictionary+TypeCheckKeyPath.h"; sourceTree = "<group>"; };
		BEABD97515CA571E003E5C73 /* FTNSDictionary+TypeCheckKeyPath.m */ = {isa = PBXFileReference; fileEncoding = 4; lastKnownFileType = sourcecode.c.objc; path = "FTNSDictionary+TypeCheckKeyPath.m"; sourceTree = "<group>"; };
		BEABD97A15CA58E3003E5C73 /* FTTypeCheckKeyPathTest.m */ = {isa = PBXFileReference; fileEncoding = 4; lastKnownFileType = sourcecode.c.objc; path = FTTypeCheckKeyPathTest.m; sourceTree = "<group>"; };
		BEC8613018B5889B00199D02 /* FTIsEqual.h */ = {isa = PBXFileReference; lastKnownFileType = sourcecode.c.h; path = FTIsEqual.h; sourceTree = "<group>"; };
		BEC8613118B5896D00199D02 /* FTIsEqual.m */ = {isa = PBXFileReference; fileEncoding = 4; lastKnownFileType = sourcecode.c.objc; path = FTIsEqual.m; sourceTree = "<group>"; };
		BEF5C2C41761A0F2002B59C1 /* MobileCoreServices.framework */ = {isa = PBXFileReference; lastKnownFileType = wrapper.framework; name = MobileCoreServices.framework; path = System/Library/Frameworks/MobileCoreServices.framework; sourceTree = SDKROOT; };
		BEF5C2C61761A0FA002B59C1 /* Security.framework */ = {isa = PBXFileReference; lastKnownFileType = wrapper.framework; name = Security.framework; path = System/Library/Frameworks/Security.framework; sourceTree = SDKROOT; };
		BEF5C2C81761A102002B59C1 /* CoreData.framework */ = {isa = PBXFileReference; lastKnownFileType = wrapper.framework; name = CoreData.framework; path = System/Library/Frameworks/CoreData.framework; sourceTree = SDKROOT; };
		BEF5C2CA1761A107002B59C1 /* SystemConfiguration.framework */ = {isa = PBXFileReference; lastKnownFileType = wrapper.framework; name = SystemConfiguration.framework; path = System/Library/Frameworks/SystemConfiguration.framework; sourceTree = SDKROOT; };
		BEF5C2CC1761A10E002B59C1 /* CoreFoundation.framework */ = {isa = PBXFileReference; lastKnownFileType = wrapper.framework; name = CoreFoundation.framework; path = System/Library/Frameworks/CoreFoundation.framework; sourceTree = SDKROOT; };
		BEF5C2EE1761A1DD002B59C1 /* libz.dylib */ = {isa = PBXFileReference; lastKnownFileType = "compiled.mach-o.dylib"; name = libz.dylib; path = usr/lib/libz.dylib; sourceTree = SDKROOT; };
		F0EB598C159D70A600D5654C /* FTNetworkInterface.h */ = {isa = PBXFileReference; fileEncoding = 4; lastKnownFileType = sourcecode.c.h; path = FTNetworkInterface.h; sourceTree = "<group>"; };
		F0EB598D159D70A600D5654C /* FTNetworkInterface.m */ = {isa = PBXFileReference; fileEncoding = 4; lastKnownFileType = sourcecode.c.objc; path = FTNetworkInterface.m; sourceTree = "<group>"; };
/* End PBXFileReference section */

/* Begin PBXFrameworksBuildPhase section */
		57B32C1014C695A600C39CA2 /* Frameworks */ = {
			isa = PBXFrameworksBuildPhase;
			buildActionMask = 2147483647;
			files = (
				BEF5C2EF1761A1DD002B59C1 /* libz.dylib in Frameworks */,
				BEF5C2CD1761A10E002B59C1 /* CoreFoundation.framework in Frameworks */,
				BEF5C2CB1761A107002B59C1 /* SystemConfiguration.framework in Frameworks */,
				BEF5C2C91761A102002B59C1 /* CoreData.framework in Frameworks */,
				BEF5C2C71761A0FA002B59C1 /* Security.framework in Frameworks */,
				BEF5C2C51761A0F2002B59C1 /* MobileCoreServices.framework in Frameworks */,
				57B32C1914C695A600C39CA2 /* Foundation.framework in Frameworks */,
			);
			runOnlyForDeploymentPostprocessing = 0;
		};
/* End PBXFrameworksBuildPhase section */

/* Begin PBXGroup section */
		57A47BAD14C80A820004A13A /* Other */ = {
			isa = PBXGroup;
			children = (
				BE7DD6AE154645A000C6D97F /* NSFileManager+Utilities.h */,
				BE7DD6AF154645A000C6D97F /* NSFileManager+Utilities.m */,
				BE99B27A1536BF9600904355 /* FTCFAutorelease.h */,
				BE99B27B1536BF9600904355 /* FTCFAutorelease.m */,
				BE99B27C1536BF9600904355 /* FTNSBlockOperation+SelfReference.h */,
				BE99B27D1536BF9600904355 /* FTNSBlockOperation+SelfReference.m */,
				BE99B27E1536BF9600904355 /* FTNSHTTPCookieStorage+Delete.h */,
				BE99B27F1536BF9600904355 /* FTNSHTTPCookieStorage+Delete.m */,
				BE99B2801536BF9700904355 /* FTWeakDelegateProxy.h */,
				BE99B2811536BF9700904355 /* FTWeakDelegateProxy.m */,
				BE025569150601A70068D91D /* FTKeychain.h */,
				BE02556A150601A70068D91D /* FTKeychain.m */,
				57A47BA614C80A7D0004A13A /* FTCharacterEncodingTool.h */,
				57A47BA714C80A7D0004A13A /* FTCharacterEncodingTool.m */,
				57A47BC814C80DD50004A13A /* FTNSUserDefaults+Ex.h */,
				57A47BC914C80DD50004A13A /* FTNSUserDefaults+Ex.m */,
				57A47BCC14C80E9D0004A13A /* FTNSURL+Query.h */,
				57A47BCD14C80E9D0004A13A /* FTNSURL+Query.m */,
				F0EB598C159D70A600D5654C /* FTNetworkInterface.h */,
				F0EB598D159D70A600D5654C /* FTNetworkInterface.m */,
				57A47BD214C8118A0004A13A /* FTNetworkStatus.h */,
				57A47BD314C8118A0004A13A /* FTNetworkStatus.m */,
				57D66C8D14D90EA6004B3759 /* FTNSObject+Tag.h */,
				57D66C8E14D90EA7004B3759 /* FTNSObject+Tag.m */,
				57D66C9214D90F47004B3759 /* FTCSVParser.h */,
				57D66C9314D90F47004B3759 /* FTCSVParser.m */,
				BE45254715DE2CC400D68483 /* FTNSObject+TypeCheck.h */,
				BE45254815DE2CC400D68483 /* FTNSObject+TypeCheck.m */,
				57A8E92B15008EE4006493E4 /* FTMacros.h */,
				BEABD97415CA571E003E5C73 /* FTNSDictionary+TypeCheckKeyPath.h */,
				BEABD97515CA571E003E5C73 /* FTNSDictionary+TypeCheckKeyPath.m */,
				BEC8613018B5889B00199D02 /* FTIsEqual.h */,
				BEC8613118B5896D00199D02 /* FTIsEqual.m */,
				BE5A723118B5A57E00134093 /* FTBlockTimer.h */,
				BE5A723218B5A57E00134093 /* FTBlockTimer.m */,
			);
			name = Other;
			sourceTree = "<group>";
		};
		57B32BA614C6850000C39CA2 = {
			isa = PBXGroup;
			children = (
				57B32BB614C6850000C39CA2 /* FTFoundation */,
				57B32C1A14C695A600C39CA2 /* FTFoundationTest */,
				57B32BB314C6850000C39CA2 /* Frameworks */,
				57B32BB214C6850000C39CA2 /* Products */,
			);
			sourceTree = "<group>";
		};
		57B32BB214C6850000C39CA2 /* Products */ = {
			isa = PBXGroup;
			children = (
				57B32C1414C695A600C39CA2 /* FTFoundationTest.xctest */,
			);
			name = Products;
			sourceTree = "<group>";
		};
		57B32BB314C6850000C39CA2 /* Frameworks */ = {
			isa = PBXGroup;
			children = (
				BEF5C2EE1761A1DD002B59C1 /* libz.dylib */,
				BEF5C2CC1761A10E002B59C1 /* CoreFoundation.framework */,
				BEF5C2CA1761A107002B59C1 /* SystemConfiguration.framework */,
				BEF5C2C81761A102002B59C1 /* CoreData.framework */,
				BEF5C2C61761A0FA002B59C1 /* Security.framework */,
				BEF5C2C41761A0F2002B59C1 /* MobileCoreServices.framework */,
				57B32BB414C6850000C39CA2 /* Foundation.framework */,
			);
			name = Frameworks;
			sourceTree = "<group>";
		};
		57B32BB614C6850000C39CA2 /* FTFoundation */ = {
			isa = PBXGroup;
			children = (
				57B32BF914C68D9900C39CA2 /* String */,
				57B32C4D14C6B05F00C39CA2 /* Data */,
				57B32C0E14C694CC00C39CA2 /* Code */,
				57D66C9114D90F1F004B3759 /* CoreData */,
				57A47BAD14C80A820004A13A /* Other */,
				57B32BB714C6850000C39CA2 /* Supporting Files */,
			);
			path = FTFoundation;
			sourceTree = "<group>";
		};
		57B32BB714C6850000C39CA2 /* Supporting Files */ = {
			isa = PBXGroup;
			children = (
				BE8F4253155CE69900881DE8 /* FTFoundation.h */,
				57B32BB814C6850000C39CA2 /* FTFoundation-Prefix.pch */,
			);
			name = "Supporting Files";
			sourceTree = "<group>";
		};
		57B32BF914C68D9900C39CA2 /* String */ = {
			isa = PBXGroup;
			children = (
				57B32BC414C685C600C39CA2 /* FTNSString+Encode.h */,
				57B32BC514C685C600C39CA2 /* FTNSString+Encode.m */,
				57B32BEC14C68A4A00C39CA2 /* FTNSString+DataLength.h */,
				57B32BED14C68A4A00C39CA2 /* FTNSString+DataLength.m */,
				57B32BF114C68BE700C39CA2 /* FTNSString+UUID.h */,
				57B32BF214C68BE700C39CA2 /* FTNSString+UUID.m */,
				57B32BF514C68C3500C39CA2 /* FTNSString+UTI.h */,
				57B32BF614C68C3500C39CA2 /* FTNSString+UTI.m */,
				57574F1315AAA126008EDA17 /* FTNSString+KeyValue.h */,
				57574F1415AAA126008EDA17 /* FTNSString+KeyValue.m */,
			);
			name = String;
			sourceTree = "<group>";
		};
		57B32C0E14C694CC00C39CA2 /* Code */ = {
			isa = PBXGroup;
			children = (
				57B32BFA14C68DB100C39CA2 /* FTBase64.h */,
				57B32BFB14C68DB100C39CA2 /* FTBase64.m */,
				57B32BFE14C68F2400C39CA2 /* FTCRC.h */,
				57B32BFF14C68F2400C39CA2 /* FTCRC.m */,
				57B32C0214C6901600C39CA2 /* FTMD5.h */,
				57B32C0314C6901600C39CA2 /* FTMD5.m */,
				57B32C0614C6915E00C39CA2 /* FTSHA1.h */,
				57B32C0714C6915E00C39CA2 /* FTSHA1.m */,
				57B32C0A14C6942600C39CA2 /* FTHMAC.h */,
				57B32C0B14C6942600C39CA2 /* FTHMAC.m */,
				57EF27A01551108200C01032 /* FTOAuth10.h */,
				57EF27A11551108200C01032 /* FTOAuth10.m */,
			);
			name = Code;
			sourceTree = "<group>";
		};
		57B32C1A14C695A600C39CA2 /* FTFoundationTest */ = {
			isa = PBXGroup;
			children = (
				57B32C2814C697F200C39CA2 /* FTNSStringEncodeTest.m */,
				57B32C3014C6A69200C39CA2 /* FTNSStringDataLengthTest.m */,
				57574F1915AAA22C008EDA17 /* FTNSStringKeyValueTest.m */,
				57B32C3314C6A7C400C39CA2 /* FTBase64Test.m */,
				57B32C3D14C6ABAB00C39CA2 /* FTCRCTest.m */,
				57B32C4014C6AC6200C39CA2 /* FTMD5Test.m */,
				57B32C4314C6AD0B00C39CA2 /* FTSHA1Test.m */,
				57B32C4F14C6B09400C39CA2 /* FTNSDataCryptoTest.m */,
				BEA332281536760B00EE8D2D /* FTCSVParserTest.m */,
				BEABD97A15CA58E3003E5C73 /* FTTypeCheckKeyPathTest.m */,
				BE6FCD6118B5900B00038B37 /* FTIsEqualTest.m */,
				BE5265E71510692B00C4C909 /* Test Data */,
				57B32C1B14C695A600C39CA2 /* Supporting Files */,
				57B32C3B14C6AB6400C39CA2 /* Common.h */,
			);
			path = FTFoundationTest;
			sourceTree = "<group>";
		};
		57B32C1B14C695A600C39CA2 /* Supporting Files */ = {
			isa = PBXGroup;
			children = (
				57B32C1C14C695A600C39CA2 /* FTFoundationTest-Info.plist */,
				57B32C1D14C695A600C39CA2 /* InfoPlist.strings */,
				57B32C2314C695A600C39CA2 /* FTFoundationTest-Prefix.pch */,
			);
			name = "Supporting Files";
			sourceTree = "<group>";
		};
		57B32C4D14C6B05F00C39CA2 /* Data */ = {
			isa = PBXGroup;
			children = (
				57B32C4514C6AFB500C39CA2 /* FTNSData+Crypto.h */,
				57B32C4614C6AFB500C39CA2 /* FTNSData+Crypto.m */,
				57B32C4914C6B02800C39CA2 /* FTNSData+Random.h */,
				57B32C4A14C6B02800C39CA2 /* FTNSData+Random.m */,
				57A47BB114C80C300004A13A /* FTNSData+GZip.h */,
				57A47BB214C80C300004A13A /* FTNSData+GZip.m */,
			);
			name = Data;
			sourceTree = "<group>";
		};
		57D66C9114D90F1F004B3759 /* CoreData */ = {
			isa = PBXGroup;
			children = (
				57A47BD014C8118A0004A13A /* FTDataStorage.h */,
				57A47BD114C8118A0004A13A /* FTDataStorage.m */,
				57D66C8814D90E5E004B3759 /* FTNSManagedObjectContext+Save.h */,
				57D66C8914D90E5E004B3759 /* FTNSManagedObjectContext+Save.m */,
			);
			name = CoreData;
			sourceTree = "<group>";
		};
		BE5265E71510692B00C4C909 /* Test Data */ = {
			isa = PBXGroup;
			children = (
				BEA3321F153675F300EE8D2D /* CSV */,
			);
			name = "Test Data";
			sourceTree = "<group>";
		};
		BEA3321F153675F300EE8D2D /* CSV */ = {
			isa = PBXGroup;
			children = (
				BEA33220153675F300EE8D2D /* csv_CR.csv */,
				BEA33221153675F300EE8D2D /* csv_CRLF.csv */,
				BEA33222153675F300EE8D2D /* csv_LF.csv */,
			);
			name = CSV;
			path = TestData/CSV;
			sourceTree = "<group>";
		};
/* End PBXGroup section */

/* Begin PBXNativeTarget section */
		57B32C1314C695A600C39CA2 /* FTFoundationTest */ = {
			isa = PBXNativeTarget;
			buildConfigurationList = 57B32C2414C695A600C39CA2 /* Build configuration list for PBXNativeTarget "FTFoundationTest" */;
			buildPhases = (
				57B32C0F14C695A600C39CA2 /* Sources */,
				57B32C1014C695A600C39CA2 /* Frameworks */,
				57B32C1114C695A600C39CA2 /* Resources */,
				57B32C1214C695A600C39CA2 /* ShellScript */,
			);
			buildRules = (
			);
			dependencies = (
			);
			name = FTFoundationTest;
			productName = FTFoundationTest;
			productReference = 57B32C1414C695A600C39CA2 /* FTFoundationTest.xctest */;
			productType = "com.apple.product-type.bundle.unit-test";
		};
/* End PBXNativeTarget section */

/* Begin PBXProject section */
		57B32BA814C6850000C39CA2 /* Project object */ = {
			isa = PBXProject;
			attributes = {
				LastUpgradeCheck = 0500;
				ORGANIZATIONNAME = "feedtailor inc";
			};
			buildConfigurationList = 57B32BAB14C6850000C39CA2 /* Build configuration list for PBXProject "FTFoundation" */;
			compatibilityVersion = "Xcode 3.2";
			developmentRegion = English;
			hasScannedForEncodings = 0;
			knownRegions = (
				en,
			);
			mainGroup = 57B32BA614C6850000C39CA2;
			productRefGroup = 57B32BB214C6850000C39CA2 /* Products */;
			projectDirPath = "";
			projectRoot = "";
			targets = (
				57B32C1314C695A600C39CA2 /* FTFoundationTest */,
			);
		};
/* End PBXProject section */

/* Begin PBXResourcesBuildPhase section */
		57B32C1114C695A600C39CA2 /* Resources */ = {
			isa = PBXResourcesBuildPhase;
			buildActionMask = 2147483647;
			files = (
				57B32C1F14C695A600C39CA2 /* InfoPlist.strings in Resources */,
				BEA33223153675F300EE8D2D /* csv_CR.csv in Resources */,
				BEA33224153675F300EE8D2D /* csv_CRLF.csv in Resources */,
				BEA33225153675F300EE8D2D /* csv_LF.csv in Resources */,
			);
			runOnlyForDeploymentPostprocessing = 0;
		};
/* End PBXResourcesBuildPhase section */

/* Begin PBXShellScriptBuildPhase section */
		57B32C1214C695A600C39CA2 /* ShellScript */ = {
			isa = PBXShellScriptBuildPhase;
			buildActionMask = 2147483647;
			files = (
			);
			inputPaths = (
			);
			outputPaths = (
			);
			runOnlyForDeploymentPostprocessing = 0;
			shellPath = /bin/sh;
			shellScript = "# Run the unit tests in this test bundle.\n\"${SYSTEM_DEVELOPER_DIR}/Tools/RunUnitTests\"\n";
		};
/* End PBXShellScriptBuildPhase section */

/* Begin PBXSourcesBuildPhase section */
		57B32C0F14C695A600C39CA2 /* Sources */ = {
			isa = PBXSourcesBuildPhase;
			buildActionMask = 2147483647;
			files = (
				57B32C2914C697F200C39CA2 /* FTNSStringEncodeTest.m in Sources */,
				57B32C3114C6A69200C39CA2 /* FTNSStringDataLengthTest.m in Sources */,
				57B32C3414C6A7C400C39CA2 /* FTBase64Test.m in Sources */,
				57B32C3E14C6ABAC00C39CA2 /* FTCRCTest.m in Sources */,
				57B32C4114C6AC6200C39CA2 /* FTMD5Test.m in Sources */,
				57B32C4414C6AD0B00C39CA2 /* FTSHA1Test.m in Sources */,
				57B32C5014C6B09400C39CA2 /* FTNSDataCryptoTest.m in Sources */,
				BEA332291536760B00EE8D2D /* FTCSVParserTest.m in Sources */,
				57574F1A15AAA22C008EDA17 /* FTNSStringKeyValueTest.m in Sources */,
				BEABD97B15CA58E3003E5C73 /* FTTypeCheckKeyPathTest.m in Sources */,
				BEF5C2CE1761A161002B59C1 /* FTNSString+Encode.m in Sources */,
				BEF5C2CF1761A161002B59C1 /* FTNSString+DataLength.m in Sources */,
				BEF5C2D01761A161002B59C1 /* FTNSString+UUID.m in Sources */,
				BEF5C2D11761A161002B59C1 /* FTNSString+UTI.m in Sources */,
				BEF5C2D21761A161002B59C1 /* FTNSString+KeyValue.m in Sources */,
				BEF5C2D31761A161002B59C1 /* FTNSData+Crypto.m in Sources */,
				BEF5C2D41761A161002B59C1 /* FTNSData+Random.m in Sources */,
				BEF5C2D51761A161002B59C1 /* FTNSData+GZip.m in Sources */,
				BEC8613218B5896D00199D02 /* FTIsEqual.m in Sources */,
				BEF5C2D61761A161002B59C1 /* FTBase64.m in Sources */,
				BEF5C2D71761A161002B59C1 /* FTCRC.m in Sources */,
				BEF5C2D81761A161002B59C1 /* FTMD5.m in Sources */,
				BEF5C2D91761A161002B59C1 /* FTSHA1.m in Sources */,
				BE5A723318B5A57E00134093 /* FTBlockTimer.m in Sources */,
				BEF5C2DA1761A161002B59C1 /* FTHMAC.m in Sources */,
				BEF5C2DB1761A161002B59C1 /* FTOAuth10.m in Sources */,
				BEF5C2DC1761A161002B59C1 /* FTDataStorage.m in Sources */,
				BEF5C2DD1761A161002B59C1 /* FTNSManagedObjectContext+Save.m in Sources */,
				BEF5C2DF1761A161002B59C1 /* NSFileManager+Utilities.m in Sources */,
				BE6FCD6218B5900B00038B37 /* FTIsEqualTest.m in Sources */,
				BEF5C2E01761A161002B59C1 /* FTCFAutorelease.m in Sources */,
				BEF5C2E11761A161002B59C1 /* FTNSBlockOperation+SelfReference.m in Sources */,
				BEF5C2E21761A161002B59C1 /* FTNSHTTPCookieStorage+Delete.m in Sources */,
				BEF5C2E31761A161002B59C1 /* FTWeakDelegateProxy.m in Sources */,
				BEF5C2E41761A161002B59C1 /* FTKeychain.m in Sources */,
				BEF5C2E51761A161002B59C1 /* FTCharacterEncodingTool.m in Sources */,
				BEF5C2E61761A161002B59C1 /* FTNSUserDefaults+Ex.m in Sources */,
				BEF5C2E71761A161002B59C1 /* FTNSURL+Query.m in Sources */,
				BEF5C2E81761A161002B59C1 /* FTNetworkInterface.m in Sources */,
				BEF5C2E91761A161002B59C1 /* FTNetworkStatus.m in Sources */,
				BEF5C2EA1761A161002B59C1 /* FTNSObject+Tag.m in Sources */,
				BEF5C2EB1761A161002B59C1 /* FTCSVParser.m in Sources */,
				BEF5C2EC1761A161002B59C1 /* FTNSObject+TypeCheck.m in Sources */,
				BEF5C2ED1761A161002B59C1 /* FTNSDictionary+TypeCheckKeyPath.m in Sources */,
			);
			runOnlyForDeploymentPostprocessing = 0;
		};
/* End PBXSourcesBuildPhase section */

/* Begin PBXVariantGroup section */
		57B32C1D14C695A600C39CA2 /* InfoPlist.strings */ = {
			isa = PBXVariantGroup;
			children = (
				57B32C1E14C695A600C39CA2 /* en */,
			);
			name = InfoPlist.strings;
			sourceTree = "<group>";
		};
/* End PBXVariantGroup section */

/* Begin XCBuildConfiguration section */
		57B32BBC14C6850000C39CA2 /* Debug */ = {
			isa = XCBuildConfiguration;
			buildSettings = {
				ALWAYS_SEARCH_USER_PATHS = NO;
				ARCHS = (
					armv7,
					armv7s,
					arm64,
				);
				CLANG_WARN_BOOL_CONVERSION = YES;
				CLANG_WARN_CONSTANT_CONVERSION = YES;
				CLANG_WARN_EMPTY_BODY = YES;
				CLANG_WARN_ENUM_CONVERSION = YES;
				CLANG_WARN_INT_CONVERSION = YES;
				CLANG_WARN__DUPLICATE_METHOD_MATCH = YES;
				COPY_PHASE_STRIP = NO;
				GCC_C_LANGUAGE_STANDARD = gnu99;
				GCC_DYNAMIC_NO_PIC = NO;
				GCC_OPTIMIZATION_LEVEL = 0;
				GCC_PREPROCESSOR_DEFINITIONS = (
					"DEBUG=1",
					"$(inherited)",
				);
				GCC_SYMBOLS_PRIVATE_EXTERN = NO;
				GCC_WARN_64_TO_32_BIT_CONVERSION = YES;
				GCC_WARN_ABOUT_MISSING_PROTOTYPES = YES;
				GCC_WARN_ABOUT_RETURN_TYPE = YES;
				GCC_WARN_UNDECLARED_SELECTOR = YES;
				GCC_WARN_UNINITIALIZED_AUTOS = YES;
				GCC_WARN_UNUSED_FUNCTION = YES;
				GCC_WARN_UNUSED_VARIABLE = YES;
				IPHONEOS_DEPLOYMENT_TARGET = 6.0;
				ONLY_ACTIVE_ARCH = YES;
				SDKROOT = iphoneos;
			};
			name = Debug;
		};
		57B32BBD14C6850000C39CA2 /* Release */ = {
			isa = XCBuildConfiguration;
			buildSettings = {
				ALWAYS_SEARCH_USER_PATHS = NO;
				ARCHS = (
					armv7,
					armv7s,
					arm64,
				);
				CLANG_WARN_BOOL_CONVERSION = YES;
				CLANG_WARN_CONSTANT_CONVERSION = YES;
				CLANG_WARN_EMPTY_BODY = YES;
				CLANG_WARN_ENUM_CONVERSION = YES;
				CLANG_WARN_INT_CONVERSION = YES;
				CLANG_WARN__DUPLICATE_METHOD_MATCH = YES;
				COPY_PHASE_STRIP = YES;
				GCC_C_LANGUAGE_STANDARD = gnu99;
				GCC_WARN_64_TO_32_BIT_CONVERSION = YES;
				GCC_WARN_ABOUT_MISSING_PROTOTYPES = YES;
				GCC_WARN_ABOUT_RETURN_TYPE = YES;
				GCC_WARN_UNDECLARED_SELECTOR = YES;
				GCC_WARN_UNINITIALIZED_AUTOS = YES;
				GCC_WARN_UNUSED_FUNCTION = YES;
				GCC_WARN_UNUSED_VARIABLE = YES;
				IPHONEOS_DEPLOYMENT_TARGET = 6.0;
				SDKROOT = iphoneos;
				VALIDATE_PRODUCT = YES;
			};
			name = Release;
		};
		57B32C2514C695A600C39CA2 /* Debug */ = {
			isa = XCBuildConfiguration;
			buildSettings = {
				CLANG_ENABLE_OBJC_ARC = YES;
				FRAMEWORK_SEARCH_PATHS = (
					"$(SDKROOT)/Developer/Library/Frameworks",
					"$(inherited)",
				);
				GCC_PRECOMPILE_PREFIX_HEADER = YES;
				GCC_PREFIX_HEADER = "FTFoundationTest/FTFoundationTest-Prefix.pch";
				INFOPLIST_FILE = "FTFoundationTest/FTFoundationTest-Info.plist";
				PRODUCT_NAME = "$(TARGET_NAME)";
			};
			name = Debug;
		};
		57B32C2614C695A600C39CA2 /* Release */ = {
			isa = XCBuildConfiguration;
			buildSettings = {
				CLANG_ENABLE_OBJC_ARC = YES;
				FRAMEWORK_SEARCH_PATHS = (
					"$(SDKROOT)/Developer/Library/Frameworks",
					"$(inherited)",
				);
				GCC_PRECOMPILE_PREFIX_HEADER = YES;
				GCC_PREFIX_HEADER = "FTFoundationTest/FTFoundationTest-Prefix.pch";
				INFOPLIST_FILE = "FTFoundationTest/FTFoundationTest-Info.plist";
				PRODUCT_NAME = "$(TARGET_NAME)";
			};
			name = Release;
		};
/* End XCBuildConfiguration section */

/* Begin XCConfigurationList section */
		57B32BAB14C6850000C39CA2 /* Build configuration list for PBXProject "FTFoundation" */ = {
			isa = XCConfigurationList;
			buildConfigurations = (
				57B32BBC14C6850000C39CA2 /* Debug */,
				57B32BBD14C6850000C39CA2 /* Release */,
			);
			defaultConfigurationIsVisible = 0;
			defaultConfigurationName = Release;
		};
		57B32C2414C695A600C39CA2 /* Build configuration list for PBXNativeTarget "FTFoundationTest" */ = {
			isa = XCConfigurationList;
			buildConfigurations = (
				57B32C2514C695A600C39CA2 /* Debug */,
				57B32C2614C695A600C39CA2 /* Release */,
			);
			defaultConfigurationIsVisible = 0;
			defaultConfigurationName = Release;
		};
/* End XCConfigurationList section */
	};
	rootObject = 57B32BA814C6850000C39CA2 /* Project object */;
}
