// !$*UTF8*$!
{
	archiveVersion = 1;
	classes = {
	};
	objectVersion = 46;
	objects = {

/* Begin PBXBuildFile section */
		57A47BAA14C80A7D0004A13A /* FTCharacterEncodingTool.h in Headers */ = {isa = PBXBuildFile; fileRef = 57A47BA614C80A7D0004A13A /* FTCharacterEncodingTool.h */; };
		57A47BAB14C80A7D0004A13A /* FTCharacterEncodingTool.m in Sources */ = {isa = PBXBuildFile; fileRef = 57A47BA714C80A7D0004A13A /* FTCharacterEncodingTool.m */; };
		57A47BB314C80C300004A13A /* FTNSData+GZip.h in Headers */ = {isa = PBXBuildFile; fileRef = 57A47BB114C80C300004A13A /* FTNSData+GZip.h */; };
		57A47BB414C80C300004A13A /* FTNSData+GZip.m in Sources */ = {isa = PBXBuildFile; fileRef = 57A47BB214C80C300004A13A /* FTNSData+GZip.m */; };
		57A47BCA14C80DD50004A13A /* FTNSUserDefaults+Ex.h in Headers */ = {isa = PBXBuildFile; fileRef = 57A47BC814C80DD50004A13A /* FTNSUserDefaults+Ex.h */; };
		57A47BCB14C80DD50004A13A /* FTNSUserDefaults+Ex.m in Sources */ = {isa = PBXBuildFile; fileRef = 57A47BC914C80DD50004A13A /* FTNSUserDefaults+Ex.m */; };
		57A47BCE14C80E9D0004A13A /* FTNSURL+Query.h in Headers */ = {isa = PBXBuildFile; fileRef = 57A47BCC14C80E9D0004A13A /* FTNSURL+Query.h */; };
		57A47BCF14C80E9D0004A13A /* FTNSURL+Query.m in Sources */ = {isa = PBXBuildFile; fileRef = 57A47BCD14C80E9D0004A13A /* FTNSURL+Query.m */; };
		57A47BD414C8118A0004A13A /* FTDataStorage.h in Headers */ = {isa = PBXBuildFile; fileRef = 57A47BD014C8118A0004A13A /* FTDataStorage.h */; };
		57A47BD514C8118A0004A13A /* FTDataStorage.m in Sources */ = {isa = PBXBuildFile; fileRef = 57A47BD114C8118A0004A13A /* FTDataStorage.m */; };
		57A47BD614C8118A0004A13A /* FTNetworkStatus.h in Headers */ = {isa = PBXBuildFile; fileRef = 57A47BD214C8118A0004A13A /* FTNetworkStatus.h */; };
		57A47BD714C8118A0004A13A /* FTNetworkStatus.m in Sources */ = {isa = PBXBuildFile; fileRef = 57A47BD314C8118A0004A13A /* FTNetworkStatus.m */; };
		57A8E92C15008EE4006493E4 /* FTMacros.h in Headers */ = {isa = PBXBuildFile; fileRef = 57A8E92B15008EE4006493E4 /* FTMacros.h */; };
		57B32BB514C6850000C39CA2 /* Foundation.framework in Frameworks */ = {isa = PBXBuildFile; fileRef = 57B32BB414C6850000C39CA2 /* Foundation.framework */; };
		57B32BC614C685C600C39CA2 /* FTNSString+Encode.h in Headers */ = {isa = PBXBuildFile; fileRef = 57B32BC414C685C600C39CA2 /* FTNSString+Encode.h */; };
		57B32BC714C685C600C39CA2 /* FTNSString+Encode.m in Sources */ = {isa = PBXBuildFile; fileRef = 57B32BC514C685C600C39CA2 /* FTNSString+Encode.m */; };
		57B32BEE14C68A4A00C39CA2 /* FTNSString+DataLength.h in Headers */ = {isa = PBXBuildFile; fileRef = 57B32BEC14C68A4A00C39CA2 /* FTNSString+DataLength.h */; };
		57B32BEF14C68A4A00C39CA2 /* FTNSString+DataLength.m in Sources */ = {isa = PBXBuildFile; fileRef = 57B32BED14C68A4A00C39CA2 /* FTNSString+DataLength.m */; };
		57B32BF314C68BE700C39CA2 /* FTNSString+UUID.h in Headers */ = {isa = PBXBuildFile; fileRef = 57B32BF114C68BE700C39CA2 /* FTNSString+UUID.h */; };
		57B32BF414C68BE700C39CA2 /* FTNSString+UUID.m in Sources */ = {isa = PBXBuildFile; fileRef = 57B32BF214C68BE700C39CA2 /* FTNSString+UUID.m */; };
		57B32BF714C68C3500C39CA2 /* FTNSString+UTI.h in Headers */ = {isa = PBXBuildFile; fileRef = 57B32BF514C68C3500C39CA2 /* FTNSString+UTI.h */; };
		57B32BF814C68C3500C39CA2 /* FTNSString+UTI.m in Sources */ = {isa = PBXBuildFile; fileRef = 57B32BF614C68C3500C39CA2 /* FTNSString+UTI.m */; };
		57B32BFC14C68DB100C39CA2 /* FTBase64.h in Headers */ = {isa = PBXBuildFile; fileRef = 57B32BFA14C68DB100C39CA2 /* FTBase64.h */; };
		57B32BFD14C68DB100C39CA2 /* FTBase64.m in Sources */ = {isa = PBXBuildFile; fileRef = 57B32BFB14C68DB100C39CA2 /* FTBase64.m */; };
		57B32C0014C68F2400C39CA2 /* FTCRC.h in Headers */ = {isa = PBXBuildFile; fileRef = 57B32BFE14C68F2400C39CA2 /* FTCRC.h */; };
		57B32C0114C68F2400C39CA2 /* FTCRC.m in Sources */ = {isa = PBXBuildFile; fileRef = 57B32BFF14C68F2400C39CA2 /* FTCRC.m */; };
		57B32C0414C6901600C39CA2 /* FTMD5.h in Headers */ = {isa = PBXBuildFile; fileRef = 57B32C0214C6901600C39CA2 /* FTMD5.h */; };
		57B32C0514C6901600C39CA2 /* FTMD5.m in Sources */ = {isa = PBXBuildFile; fileRef = 57B32C0314C6901600C39CA2 /* FTMD5.m */; };
		57B32C0814C6915E00C39CA2 /* FTSHA1.h in Headers */ = {isa = PBXBuildFile; fileRef = 57B32C0614C6915E00C39CA2 /* FTSHA1.h */; };
		57B32C0914C6915E00C39CA2 /* FTSHA1.m in Sources */ = {isa = PBXBuildFile; fileRef = 57B32C0714C6915E00C39CA2 /* FTSHA1.m */; };
		57B32C0C14C6942600C39CA2 /* FTHMAC.h in Headers */ = {isa = PBXBuildFile; fileRef = 57B32C0A14C6942600C39CA2 /* FTHMAC.h */; };
		57B32C0D14C6942600C39CA2 /* FTHMAC.m in Sources */ = {isa = PBXBuildFile; fileRef = 57B32C0B14C6942600C39CA2 /* FTHMAC.m */; };
		57B32C1614C695A600C39CA2 /* SenTestingKit.framework in Frameworks */ = {isa = PBXBuildFile; fileRef = 57B32C1514C695A600C39CA2 /* SenTestingKit.framework */; };
		57B32C1914C695A600C39CA2 /* Foundation.framework in Frameworks */ = {isa = PBXBuildFile; fileRef = 57B32BB414C6850000C39CA2 /* Foundation.framework */; };
		57B32C1F14C695A600C39CA2 /* InfoPlist.strings in Resources */ = {isa = PBXBuildFile; fileRef = 57B32C1D14C695A600C39CA2 /* InfoPlist.strings */; };
		57B32C2914C697F200C39CA2 /* FTNSStringEncodeTest.m in Sources */ = {isa = PBXBuildFile; fileRef = 57B32C2814C697F200C39CA2 /* FTNSStringEncodeTest.m */; };
		57B32C2C14C6993800C39CA2 /* libFTFoundation.a in Frameworks */ = {isa = PBXBuildFile; fileRef = 57B32BB114C6850000C39CA2 /* libFTFoundation.a */; };
		57B32C3114C6A69200C39CA2 /* FTNSStringDataLengthTest.m in Sources */ = {isa = PBXBuildFile; fileRef = 57B32C3014C6A69200C39CA2 /* FTNSStringDataLengthTest.m */; };
		57B32C3414C6A7C400C39CA2 /* FTBase64Test.m in Sources */ = {isa = PBXBuildFile; fileRef = 57B32C3314C6A7C400C39CA2 /* FTBase64Test.m */; };
		57B32C3E14C6ABAC00C39CA2 /* FTCRCTest.m in Sources */ = {isa = PBXBuildFile; fileRef = 57B32C3D14C6ABAB00C39CA2 /* FTCRCTest.m */; };
		57B32C4114C6AC6200C39CA2 /* FTMD5Test.m in Sources */ = {isa = PBXBuildFile; fileRef = 57B32C4014C6AC6200C39CA2 /* FTMD5Test.m */; };
		57B32C4414C6AD0B00C39CA2 /* FTSHA1Test.m in Sources */ = {isa = PBXBuildFile; fileRef = 57B32C4314C6AD0B00C39CA2 /* FTSHA1Test.m */; };
		57B32C4714C6AFB500C39CA2 /* FTNSData+Crypto.h in Headers */ = {isa = PBXBuildFile; fileRef = 57B32C4514C6AFB500C39CA2 /* FTNSData+Crypto.h */; };
		57B32C4814C6AFB500C39CA2 /* FTNSData+Crypto.m in Sources */ = {isa = PBXBuildFile; fileRef = 57B32C4614C6AFB500C39CA2 /* FTNSData+Crypto.m */; };
		57B32C4B14C6B02800C39CA2 /* FTNSData+Random.h in Headers */ = {isa = PBXBuildFile; fileRef = 57B32C4914C6B02800C39CA2 /* FTNSData+Random.h */; };
		57B32C4C14C6B02800C39CA2 /* FTNSData+Random.m in Sources */ = {isa = PBXBuildFile; fileRef = 57B32C4A14C6B02800C39CA2 /* FTNSData+Random.m */; };
		57B32C5014C6B09400C39CA2 /* FTNSDataCryptoTest.m in Sources */ = {isa = PBXBuildFile; fileRef = 57B32C4F14C6B09400C39CA2 /* FTNSDataCryptoTest.m */; };
		57D66C8A14D90E5E004B3759 /* FTNSManagedObjectContext+Save.h in Headers */ = {isa = PBXBuildFile; fileRef = 57D66C8814D90E5E004B3759 /* FTNSManagedObjectContext+Save.h */; };
		57D66C8B14D90E5E004B3759 /* FTNSManagedObjectContext+Save.m in Sources */ = {isa = PBXBuildFile; fileRef = 57D66C8914D90E5E004B3759 /* FTNSManagedObjectContext+Save.m */; };
		57D66C8F14D90EA7004B3759 /* FTNSObject+Tag.h in Headers */ = {isa = PBXBuildFile; fileRef = 57D66C8D14D90EA6004B3759 /* FTNSObject+Tag.h */; };
		57D66C9014D90EA7004B3759 /* FTNSObject+Tag.m in Sources */ = {isa = PBXBuildFile; fileRef = 57D66C8E14D90EA7004B3759 /* FTNSObject+Tag.m */; };
		57D66C9414D90F47004B3759 /* FTCSVParser.h in Headers */ = {isa = PBXBuildFile; fileRef = 57D66C9214D90F47004B3759 /* FTCSVParser.h */; };
		57D66C9514D90F47004B3759 /* FTCSVParser.m in Sources */ = {isa = PBXBuildFile; fileRef = 57D66C9314D90F47004B3759 /* FTCSVParser.m */; };
		57EF27A21551108200C01032 /* FTOAuth10.h in Headers */ = {isa = PBXBuildFile; fileRef = 57EF27A01551108200C01032 /* FTOAuth10.h */; };
		57EF27A31551108200C01032 /* FTOAuth10.m in Sources */ = {isa = PBXBuildFile; fileRef = 57EF27A11551108200C01032 /* FTOAuth10.m */; };
		BE02556B150601A70068D91D /* FTKeychain.h in Headers */ = {isa = PBXBuildFile; fileRef = BE025569150601A70068D91D /* FTKeychain.h */; };
		BE02556C150601A70068D91D /* FTKeychain.m in Sources */ = {isa = PBXBuildFile; fileRef = BE02556A150601A70068D91D /* FTKeychain.m */; };
		BE1610041519CCF800FDEDE5 /* test2_schema.json in Resources */ = {isa = PBXBuildFile; fileRef = BE1610021519CCF700FDEDE5 /* test2_schema.json */; };
		BE1610051519CCF800FDEDE5 /* test2_valid_1.json in Resources */ = {isa = PBXBuildFile; fileRef = BE1610031519CCF800FDEDE5 /* test2_valid_1.json */; };
		BE5265E51510673600C4C909 /* FTJSONSchemaTest.m in Sources */ = {isa = PBXBuildFile; fileRef = BE5265E41510673600C4C909 /* FTJSONSchemaTest.m */; };
		BE5265EC1510695600C4C909 /* test1_invalid_1.json in Resources */ = {isa = PBXBuildFile; fileRef = BE5265E91510695600C4C909 /* test1_invalid_1.json */; };
		BE5265ED1510695600C4C909 /* test1_schema.json in Resources */ = {isa = PBXBuildFile; fileRef = BE5265EA1510695600C4C909 /* test1_schema.json */; };
		BE5265EE1510695600C4C909 /* test1_valid_1.json in Resources */ = {isa = PBXBuildFile; fileRef = BE5265EB1510695600C4C909 /* test1_valid_1.json */; };
		BE5265F2151069AD00C4C909 /* FTJSONSchemaValidator.h in Headers */ = {isa = PBXBuildFile; fileRef = BE5265F0151069AD00C4C909 /* FTJSONSchemaValidator.h */; };
		BE5265F3151069AD00C4C909 /* FTJSONSchemaValidator.m in Sources */ = {isa = PBXBuildFile; fileRef = BE5265F1151069AD00C4C909 /* FTJSONSchemaValidator.m */; };
		BE7DD6B0154645A000C6D97F /* NSFileManager+Utilities.h in Headers */ = {isa = PBXBuildFile; fileRef = BE7DD6AE154645A000C6D97F /* NSFileManager+Utilities.h */; };
		BE7DD6B1154645A000C6D97F /* NSFileManager+Utilities.m in Sources */ = {isa = PBXBuildFile; fileRef = BE7DD6AF154645A000C6D97F /* NSFileManager+Utilities.m */; };
		BE8F4254155CE69900881DE8 /* FTFoundation.h in Headers */ = {isa = PBXBuildFile; fileRef = BE8F4253155CE69900881DE8 /* FTFoundation.h */; };
		BE99B2821536BF9700904355 /* FTCFAutorelease.h in Headers */ = {isa = PBXBuildFile; fileRef = BE99B27A1536BF9600904355 /* FTCFAutorelease.h */; };
		BE99B2831536BF9700904355 /* FTCFAutorelease.m in Sources */ = {isa = PBXBuildFile; fileRef = BE99B27B1536BF9600904355 /* FTCFAutorelease.m */; settings = {COMPILER_FLAGS = "-fno-objc-arc"; }; };
		BE99B2841536BF9700904355 /* FTNSBlockOperation+SelfReference.h in Headers */ = {isa = PBXBuildFile; fileRef = BE99B27C1536BF9600904355 /* FTNSBlockOperation+SelfReference.h */; };
		BE99B2851536BF9700904355 /* FTNSBlockOperation+SelfReference.m in Sources */ = {isa = PBXBuildFile; fileRef = BE99B27D1536BF9600904355 /* FTNSBlockOperation+SelfReference.m */; };
		BE99B2861536BF9700904355 /* FTNSHTTPCookieStorage+Delete.h in Headers */ = {isa = PBXBuildFile; fileRef = BE99B27E1536BF9600904355 /* FTNSHTTPCookieStorage+Delete.h */; };
		BE99B2871536BF9700904355 /* FTNSHTTPCookieStorage+Delete.m in Sources */ = {isa = PBXBuildFile; fileRef = BE99B27F1536BF9600904355 /* FTNSHTTPCookieStorage+Delete.m */; };
		BE99B2881536BF9700904355 /* FTWeakDelegateProxy.h in Headers */ = {isa = PBXBuildFile; fileRef = BE99B2801536BF9700904355 /* FTWeakDelegateProxy.h */; };
		BE99B2891536BF9700904355 /* FTWeakDelegateProxy.m in Sources */ = {isa = PBXBuildFile; fileRef = BE99B2811536BF9700904355 /* FTWeakDelegateProxy.m */; };
		BEA331FD153664F200EE8D2D /* test2_invalid_1.json in Resources */ = {isa = PBXBuildFile; fileRef = BEA331FC153664F200EE8D2D /* test2_invalid_1.json */; };
		BEA33223153675F300EE8D2D /* csv_CR.csv in Resources */ = {isa = PBXBuildFile; fileRef = BEA33220153675F300EE8D2D /* csv_CR.csv */; };
		BEA33224153675F300EE8D2D /* csv_CRLF.csv in Resources */ = {isa = PBXBuildFile; fileRef = BEA33221153675F300EE8D2D /* csv_CRLF.csv */; };
		BEA33225153675F300EE8D2D /* csv_LF.csv in Resources */ = {isa = PBXBuildFile; fileRef = BEA33222153675F300EE8D2D /* csv_LF.csv */; };
		BEA332291536760B00EE8D2D /* FTCSVParserTest.m in Sources */ = {isa = PBXBuildFile; fileRef = BEA332281536760B00EE8D2D /* FTCSVParserTest.m */; };
/* End PBXBuildFile section */

/* Begin PBXContainerItemProxy section */
		57B32C2A14C6993000C39CA2 /* PBXContainerItemProxy */ = {
			isa = PBXContainerItemProxy;
			containerPortal = 57B32BA814C6850000C39CA2 /* Project object */;
			proxyType = 1;
			remoteGlobalIDString = 57B32BB014C6850000C39CA2;
			remoteInfo = FTFoundation;
		};
/* End PBXContainerItemProxy section */

/* Begin PBXFileReference section */
		572582D514C902C600ACB4B5 /* FTFoundationTest.xcconfig */ = {isa = PBXFileReference; lastKnownFileType = text.xcconfig; path = FTFoundationTest.xcconfig; sourceTree = "<group>"; };
		57A47BA614C80A7D0004A13A /* FTCharacterEncodingTool.h */ = {isa = PBXFileReference; fileEncoding = 4; lastKnownFileType = sourcecode.c.h; path = FTCharacterEncodingTool.h; sourceTree = "<group>"; };
		57A47BA714C80A7D0004A13A /* FTCharacterEncodingTool.m */ = {isa = PBXFileReference; fileEncoding = 4; lastKnownFileType = sourcecode.c.objc; path = FTCharacterEncodingTool.m; sourceTree = "<group>"; };
		57A47BB114C80C300004A13A /* FTNSData+GZip.h */ = {isa = PBXFileReference; fileEncoding = 4; lastKnownFileType = sourcecode.c.h; path = "FTNSData+GZip.h"; sourceTree = "<group>"; };
		57A47BB214C80C300004A13A /* FTNSData+GZip.m */ = {isa = PBXFileReference; fileEncoding = 4; lastKnownFileType = sourcecode.c.objc; path = "FTNSData+GZip.m"; sourceTree = "<group>"; };
		57A47BB614C80CAA0004A13A /* FTFoundation_Shared.xcconfig */ = {isa = PBXFileReference; lastKnownFileType = text.xcconfig; path = FTFoundation_Shared.xcconfig; sourceTree = "<group>"; };
		57A47BC814C80DD50004A13A /* FTNSUserDefaults+Ex.h */ = {isa = PBXFileReference; fileEncoding = 4; lastKnownFileType = sourcecode.c.h; path = "FTNSUserDefaults+Ex.h"; sourceTree = "<group>"; };
		57A47BC914C80DD50004A13A /* FTNSUserDefaults+Ex.m */ = {isa = PBXFileReference; fileEncoding = 4; lastKnownFileType = sourcecode.c.objc; path = "FTNSUserDefaults+Ex.m"; sourceTree = "<group>"; };
		57A47BCC14C80E9D0004A13A /* FTNSURL+Query.h */ = {isa = PBXFileReference; fileEncoding = 4; lastKnownFileType = sourcecode.c.h; path = "FTNSURL+Query.h"; sourceTree = "<group>"; };
		57A47BCD14C80E9D0004A13A /* FTNSURL+Query.m */ = {isa = PBXFileReference; fileEncoding = 4; lastKnownFileType = sourcecode.c.objc; path = "FTNSURL+Query.m"; sourceTree = "<group>"; };
		57A47BD014C8118A0004A13A /* FTDataStorage.h */ = {isa = PBXFileReference; fileEncoding = 4; lastKnownFileType = sourcecode.c.h; path = FTDataStorage.h; sourceTree = "<group>"; };
		57A47BD114C8118A0004A13A /* FTDataStorage.m */ = {isa = PBXFileReference; fileEncoding = 4; lastKnownFileType = sourcecode.c.objc; path = FTDataStorage.m; sourceTree = "<group>"; };
		57A47BD214C8118A0004A13A /* FTNetworkStatus.h */ = {isa = PBXFileReference; fileEncoding = 4; lastKnownFileType = sourcecode.c.h; path = FTNetworkStatus.h; sourceTree = "<group>"; };
		57A47BD314C8118A0004A13A /* FTNetworkStatus.m */ = {isa = PBXFileReference; fileEncoding = 4; lastKnownFileType = sourcecode.c.objc; path = FTNetworkStatus.m; sourceTree = "<group>"; };
		57A8E92B15008EE4006493E4 /* FTMacros.h */ = {isa = PBXFileReference; fileEncoding = 4; lastKnownFileType = sourcecode.c.h; path = FTMacros.h; sourceTree = "<group>"; };
		57B32BB114C6850000C39CA2 /* libFTFoundation.a */ = {isa = PBXFileReference; explicitFileType = archive.ar; includeInIndex = 0; path = libFTFoundation.a; sourceTree = BUILT_PRODUCTS_DIR; };
		57B32BB414C6850000C39CA2 /* Foundation.framework */ = {isa = PBXFileReference; lastKnownFileType = wrapper.framework; name = Foundation.framework; path = System/Library/Frameworks/Foundation.framework; sourceTree = SDKROOT; };
		57B32BB814C6850000C39CA2 /* FTFoundation-Prefix.pch */ = {isa = PBXFileReference; lastKnownFileType = sourcecode.c.h; path = "FTFoundation-Prefix.pch"; sourceTree = "<group>"; };
		57B32BC414C685C600C39CA2 /* FTNSString+Encode.h */ = {isa = PBXFileReference; fileEncoding = 4; lastKnownFileType = sourcecode.c.h; path = "FTNSString+Encode.h"; sourceTree = "<group>"; };
		57B32BC514C685C600C39CA2 /* FTNSString+Encode.m */ = {isa = PBXFileReference; fileEncoding = 4; lastKnownFileType = sourcecode.c.objc; path = "FTNSString+Encode.m"; sourceTree = "<group>"; };
		57B32BEC14C68A4A00C39CA2 /* FTNSString+DataLength.h */ = {isa = PBXFileReference; fileEncoding = 4; lastKnownFileType = sourcecode.c.h; path = "FTNSString+DataLength.h"; sourceTree = "<group>"; };
		57B32BED14C68A4A00C39CA2 /* FTNSString+DataLength.m */ = {isa = PBXFileReference; fileEncoding = 4; lastKnownFileType = sourcecode.c.objc; path = "FTNSString+DataLength.m"; sourceTree = "<group>"; };
		57B32BF114C68BE700C39CA2 /* FTNSString+UUID.h */ = {isa = PBXFileReference; fileEncoding = 4; lastKnownFileType = sourcecode.c.h; path = "FTNSString+UUID.h"; sourceTree = "<group>"; };
		57B32BF214C68BE700C39CA2 /* FTNSString+UUID.m */ = {isa = PBXFileReference; fileEncoding = 4; lastKnownFileType = sourcecode.c.objc; path = "FTNSString+UUID.m"; sourceTree = "<group>"; };
		57B32BF514C68C3500C39CA2 /* FTNSString+UTI.h */ = {isa = PBXFileReference; fileEncoding = 4; lastKnownFileType = sourcecode.c.h; path = "FTNSString+UTI.h"; sourceTree = "<group>"; };
		57B32BF614C68C3500C39CA2 /* FTNSString+UTI.m */ = {isa = PBXFileReference; fileEncoding = 4; lastKnownFileType = sourcecode.c.objc; path = "FTNSString+UTI.m"; sourceTree = "<group>"; };
		57B32BFA14C68DB100C39CA2 /* FTBase64.h */ = {isa = PBXFileReference; fileEncoding = 4; lastKnownFileType = sourcecode.c.h; path = FTBase64.h; sourceTree = "<group>"; };
		57B32BFB14C68DB100C39CA2 /* FTBase64.m */ = {isa = PBXFileReference; fileEncoding = 4; lastKnownFileType = sourcecode.c.objc; path = FTBase64.m; sourceTree = "<group>"; };
		57B32BFE14C68F2400C39CA2 /* FTCRC.h */ = {isa = PBXFileReference; fileEncoding = 4; lastKnownFileType = sourcecode.c.h; path = FTCRC.h; sourceTree = "<group>"; };
		57B32BFF14C68F2400C39CA2 /* FTCRC.m */ = {isa = PBXFileReference; fileEncoding = 4; lastKnownFileType = sourcecode.c.objc; path = FTCRC.m; sourceTree = "<group>"; };
		57B32C0214C6901600C39CA2 /* FTMD5.h */ = {isa = PBXFileReference; fileEncoding = 4; lastKnownFileType = sourcecode.c.h; path = FTMD5.h; sourceTree = "<group>"; };
		57B32C0314C6901600C39CA2 /* FTMD5.m */ = {isa = PBXFileReference; fileEncoding = 4; lastKnownFileType = sourcecode.c.objc; path = FTMD5.m; sourceTree = "<group>"; };
		57B32C0614C6915E00C39CA2 /* FTSHA1.h */ = {isa = PBXFileReference; fileEncoding = 4; lastKnownFileType = sourcecode.c.h; path = FTSHA1.h; sourceTree = "<group>"; };
		57B32C0714C6915E00C39CA2 /* FTSHA1.m */ = {isa = PBXFileReference; fileEncoding = 4; lastKnownFileType = sourcecode.c.objc; path = FTSHA1.m; sourceTree = "<group>"; };
		57B32C0A14C6942600C39CA2 /* FTHMAC.h */ = {isa = PBXFileReference; fileEncoding = 4; lastKnownFileType = sourcecode.c.h; path = FTHMAC.h; sourceTree = "<group>"; };
		57B32C0B14C6942600C39CA2 /* FTHMAC.m */ = {isa = PBXFileReference; fileEncoding = 4; lastKnownFileType = sourcecode.c.objc; path = FTHMAC.m; sourceTree = "<group>"; };
		57B32C1414C695A600C39CA2 /* FTFoundationTest.octest */ = {isa = PBXFileReference; explicitFileType = wrapper.cfbundle; includeInIndex = 0; path = FTFoundationTest.octest; sourceTree = BUILT_PRODUCTS_DIR; };
		57B32C1514C695A600C39CA2 /* SenTestingKit.framework */ = {isa = PBXFileReference; lastKnownFileType = wrapper.framework; name = SenTestingKit.framework; path = Library/Frameworks/SenTestingKit.framework; sourceTree = DEVELOPER_DIR; };
		57B32C1C14C695A600C39CA2 /* FTFoundationTest-Info.plist */ = {isa = PBXFileReference; lastKnownFileType = text.plist.xml; path = "FTFoundationTest-Info.plist"; sourceTree = "<group>"; };
		57B32C1E14C695A600C39CA2 /* en */ = {isa = PBXFileReference; lastKnownFileType = text.plist.strings; name = en; path = en.lproj/InfoPlist.strings; sourceTree = "<group>"; };
		57B32C2314C695A600C39CA2 /* FTFoundationTest-Prefix.pch */ = {isa = PBXFileReference; lastKnownFileType = sourcecode.c.h; path = "FTFoundationTest-Prefix.pch"; sourceTree = "<group>"; };
		57B32C2714C697F200C39CA2 /* FTNSStringEncodeTest.h */ = {isa = PBXFileReference; fileEncoding = 4; lastKnownFileType = sourcecode.c.h; path = FTNSStringEncodeTest.h; sourceTree = "<group>"; };
		57B32C2814C697F200C39CA2 /* FTNSStringEncodeTest.m */ = {isa = PBXFileReference; fileEncoding = 4; lastKnownFileType = sourcecode.c.objc; path = FTNSStringEncodeTest.m; sourceTree = "<group>"; };
		57B32C2F14C6A69200C39CA2 /* FTNSStringDataLengthTest.h */ = {isa = PBXFileReference; fileEncoding = 4; lastKnownFileType = sourcecode.c.h; path = FTNSStringDataLengthTest.h; sourceTree = "<group>"; };
		57B32C3014C6A69200C39CA2 /* FTNSStringDataLengthTest.m */ = {isa = PBXFileReference; fileEncoding = 4; lastKnownFileType = sourcecode.c.objc; path = FTNSStringDataLengthTest.m; sourceTree = "<group>"; };
		57B32C3214C6A7C400C39CA2 /* FTBase64Test.h */ = {isa = PBXFileReference; fileEncoding = 4; lastKnownFileType = sourcecode.c.h; path = FTBase64Test.h; sourceTree = "<group>"; };
		57B32C3314C6A7C400C39CA2 /* FTBase64Test.m */ = {isa = PBXFileReference; fileEncoding = 4; lastKnownFileType = sourcecode.c.objc; path = FTBase64Test.m; sourceTree = "<group>"; };
		57B32C3B14C6AB6400C39CA2 /* Common.h */ = {isa = PBXFileReference; fileEncoding = 4; lastKnownFileType = sourcecode.c.h; path = Common.h; sourceTree = "<group>"; };
		57B32C3C14C6ABAB00C39CA2 /* FTCRCTest.h */ = {isa = PBXFileReference; fileEncoding = 4; lastKnownFileType = sourcecode.c.h; path = FTCRCTest.h; sourceTree = "<group>"; };
		57B32C3D14C6ABAB00C39CA2 /* FTCRCTest.m */ = {isa = PBXFileReference; fileEncoding = 4; lastKnownFileType = sourcecode.c.objc; path = FTCRCTest.m; sourceTree = "<group>"; };
		57B32C3F14C6AC6200C39CA2 /* FTMD5Test.h */ = {isa = PBXFileReference; fileEncoding = 4; lastKnownFileType = sourcecode.c.h; path = FTMD5Test.h; sourceTree = "<group>"; };
		57B32C4014C6AC6200C39CA2 /* FTMD5Test.m */ = {isa = PBXFileReference; fileEncoding = 4; lastKnownFileType = sourcecode.c.objc; path = FTMD5Test.m; sourceTree = "<group>"; };
		57B32C4214C6AD0B00C39CA2 /* FTSHA1Test.h */ = {isa = PBXFileReference; fileEncoding = 4; lastKnownFileType = sourcecode.c.h; path = FTSHA1Test.h; sourceTree = "<group>"; };
		57B32C4314C6AD0B00C39CA2 /* FTSHA1Test.m */ = {isa = PBXFileReference; fileEncoding = 4; lastKnownFileType = sourcecode.c.objc; path = FTSHA1Test.m; sourceTree = "<group>"; };
		57B32C4514C6AFB500C39CA2 /* FTNSData+Crypto.h */ = {isa = PBXFileReference; fileEncoding = 4; lastKnownFileType = sourcecode.c.h; path = "FTNSData+Crypto.h"; sourceTree = "<group>"; };
		57B32C4614C6AFB500C39CA2 /* FTNSData+Crypto.m */ = {isa = PBXFileReference; fileEncoding = 4; lastKnownFileType = sourcecode.c.objc; path = "FTNSData+Crypto.m"; sourceTree = "<group>"; };
		57B32C4914C6B02800C39CA2 /* FTNSData+Random.h */ = {isa = PBXFileReference; fileEncoding = 4; lastKnownFileType = sourcecode.c.h; path = "FTNSData+Random.h"; sourceTree = "<group>"; };
		57B32C4A14C6B02800C39CA2 /* FTNSData+Random.m */ = {isa = PBXFileReference; fileEncoding = 4; lastKnownFileType = sourcecode.c.objc; path = "FTNSData+Random.m"; sourceTree = "<group>"; };
		57B32C4E14C6B09400C39CA2 /* FTNSDataCryptoTest.h */ = {isa = PBXFileReference; fileEncoding = 4; lastKnownFileType = sourcecode.c.h; path = FTNSDataCryptoTest.h; sourceTree = "<group>"; };
		57B32C4F14C6B09400C39CA2 /* FTNSDataCryptoTest.m */ = {isa = PBXFileReference; fileEncoding = 4; lastKnownFileType = sourcecode.c.objc; path = FTNSDataCryptoTest.m; sourceTree = "<group>"; };
		57D66C8814D90E5E004B3759 /* FTNSManagedObjectContext+Save.h */ = {isa = PBXFileReference; fileEncoding = 4; lastKnownFileType = sourcecode.c.h; path = "FTNSManagedObjectContext+Save.h"; sourceTree = "<group>"; };
		57D66C8914D90E5E004B3759 /* FTNSManagedObjectContext+Save.m */ = {isa = PBXFileReference; fileEncoding = 4; lastKnownFileType = sourcecode.c.objc; path = "FTNSManagedObjectContext+Save.m"; sourceTree = "<group>"; };
		57D66C8D14D90EA6004B3759 /* FTNSObject+Tag.h */ = {isa = PBXFileReference; fileEncoding = 4; lastKnownFileType = sourcecode.c.h; path = "FTNSObject+Tag.h"; sourceTree = "<group>"; };
		57D66C8E14D90EA7004B3759 /* FTNSObject+Tag.m */ = {isa = PBXFileReference; fileEncoding = 4; lastKnownFileType = sourcecode.c.objc; path = "FTNSObject+Tag.m"; sourceTree = "<group>"; };
		57D66C9214D90F47004B3759 /* FTCSVParser.h */ = {isa = PBXFileReference; fileEncoding = 4; lastKnownFileType = sourcecode.c.h; path = FTCSVParser.h; sourceTree = "<group>"; };
		57D66C9314D90F47004B3759 /* FTCSVParser.m */ = {isa = PBXFileReference; fileEncoding = 4; lastKnownFileType = sourcecode.c.objc; path = FTCSVParser.m; sourceTree = "<group>"; };
		57EF27A01551108200C01032 /* FTOAuth10.h */ = {isa = PBXFileReference; fileEncoding = 4; lastKnownFileType = sourcecode.c.h; path = FTOAuth10.h; sourceTree = "<group>"; };
		57EF27A11551108200C01032 /* FTOAuth10.m */ = {isa = PBXFileReference; fileEncoding = 4; lastKnownFileType = sourcecode.c.objc; path = FTOAuth10.m; sourceTree = "<group>"; };
		BE025569150601A70068D91D /* FTKeychain.h */ = {isa = PBXFileReference; fileEncoding = 4; lastKnownFileType = sourcecode.c.h; path = FTKeychain.h; sourceTree = "<group>"; };
		BE02556A150601A70068D91D /* FTKeychain.m */ = {isa = PBXFileReference; fileEncoding = 4; lastKnownFileType = sourcecode.c.objc; path = FTKeychain.m; sourceTree = "<group>"; };
		BE1610021519CCF700FDEDE5 /* test2_schema.json */ = {isa = PBXFileReference; fileEncoding = 4; lastKnownFileType = text.json; path = test2_schema.json; sourceTree = "<group>"; };
		BE1610031519CCF800FDEDE5 /* test2_valid_1.json */ = {isa = PBXFileReference; fileEncoding = 4; lastKnownFileType = text.json; path = test2_valid_1.json; sourceTree = "<group>"; };
		BE5265E31510673600C4C909 /* FTJSONSchemaTest.h */ = {isa = PBXFileReference; fileEncoding = 4; lastKnownFileType = sourcecode.c.h; path = FTJSONSchemaTest.h; sourceTree = "<group>"; };
		BE5265E41510673600C4C909 /* FTJSONSchemaTest.m */ = {isa = PBXFileReference; fileEncoding = 4; lastKnownFileType = sourcecode.c.objc; path = FTJSONSchemaTest.m; sourceTree = "<group>"; };
		BE5265E91510695600C4C909 /* test1_invalid_1.json */ = {isa = PBXFileReference; fileEncoding = 4; lastKnownFileType = text.json; path = test1_invalid_1.json; sourceTree = "<group>"; };
		BE5265EA1510695600C4C909 /* test1_schema.json */ = {isa = PBXFileReference; fileEncoding = 4; lastKnownFileType = text.json; path = test1_schema.json; sourceTree = "<group>"; };
		BE5265EB1510695600C4C909 /* test1_valid_1.json */ = {isa = PBXFileReference; fileEncoding = 4; lastKnownFileType = text.json; path = test1_valid_1.json; sourceTree = "<group>"; };
		BE5265F0151069AD00C4C909 /* FTJSONSchemaValidator.h */ = {isa = PBXFileReference; fileEncoding = 4; lastKnownFileType = sourcecode.c.h; path = FTJSONSchemaValidator.h; sourceTree = "<group>"; };
		BE5265F1151069AD00C4C909 /* FTJSONSchemaValidator.m */ = {isa = PBXFileReference; fileEncoding = 4; lastKnownFileType = sourcecode.c.objc; path = FTJSONSchemaValidator.m; sourceTree = "<group>"; };
		BE7DD6AE154645A000C6D97F /* NSFileManager+Utilities.h */ = {isa = PBXFileReference; fileEncoding = 4; lastKnownFileType = sourcecode.c.h; path = "NSFileManager+Utilities.h"; sourceTree = "<group>"; };
		BE7DD6AF154645A000C6D97F /* NSFileManager+Utilities.m */ = {isa = PBXFileReference; fileEncoding = 4; lastKnownFileType = sourcecode.c.objc; path = "NSFileManager+Utilities.m"; sourceTree = "<group>"; };
		BE8F4253155CE69900881DE8 /* FTFoundation.h */ = {isa = PBXFileReference; fileEncoding = 4; lastKnownFileType = sourcecode.c.h; path = FTFoundation.h; sourceTree = "<group>"; };
		BE99B27A1536BF9600904355 /* FTCFAutorelease.h */ = {isa = PBXFileReference; fileEncoding = 4; lastKnownFileType = sourcecode.c.h; path = FTCFAutorelease.h; sourceTree = "<group>"; };
		BE99B27B1536BF9600904355 /* FTCFAutorelease.m */ = {isa = PBXFileReference; fileEncoding = 4; lastKnownFileType = sourcecode.c.objc; path = FTCFAutorelease.m; sourceTree = "<group>"; };
		BE99B27C1536BF9600904355 /* FTNSBlockOperation+SelfReference.h */ = {isa = PBXFileReference; fileEncoding = 4; lastKnownFileType = sourcecode.c.h; path = "FTNSBlockOperation+SelfReference.h"; sourceTree = "<group>"; };
		BE99B27D1536BF9600904355 /* FTNSBlockOperation+SelfReference.m */ = {isa = PBXFileReference; fileEncoding = 4; lastKnownFileType = sourcecode.c.objc; path = "FTNSBlockOperation+SelfReference.m"; sourceTree = "<group>"; };
		BE99B27E1536BF9600904355 /* FTNSHTTPCookieStorage+Delete.h */ = {isa = PBXFileReference; fileEncoding = 4; lastKnownFileType = sourcecode.c.h; path = "FTNSHTTPCookieStorage+Delete.h"; sourceTree = "<group>"; };
		BE99B27F1536BF9600904355 /* FTNSHTTPCookieStorage+Delete.m */ = {isa = PBXFileReference; fileEncoding = 4; lastKnownFileType = sourcecode.c.objc; path = "FTNSHTTPCookieStorage+Delete.m"; sourceTree = "<group>"; };
		BE99B2801536BF9700904355 /* FTWeakDelegateProxy.h */ = {isa = PBXFileReference; fileEncoding = 4; lastKnownFileType = sourcecode.c.h; path = FTWeakDelegateProxy.h; sourceTree = "<group>"; };
		BE99B2811536BF9700904355 /* FTWeakDelegateProxy.m */ = {isa = PBXFileReference; fileEncoding = 4; lastKnownFileType = sourcecode.c.objc; path = FTWeakDelegateProxy.m; sourceTree = "<group>"; };
		BEA331FC153664F200EE8D2D /* test2_invalid_1.json */ = {isa = PBXFileReference; fileEncoding = 4; lastKnownFileType = text.json; path = test2_invalid_1.json; sourceTree = "<group>"; };
		BEA33220153675F300EE8D2D /* csv_CR.csv */ = {isa = PBXFileReference; fileEncoding = 4; lastKnownFileType = text; path = csv_CR.csv; sourceTree = "<group>"; };
		BEA33221153675F300EE8D2D /* csv_CRLF.csv */ = {isa = PBXFileReference; fileEncoding = 4; lastKnownFileType = text; path = csv_CRLF.csv; sourceTree = "<group>"; };
		BEA33222153675F300EE8D2D /* csv_LF.csv */ = {isa = PBXFileReference; fileEncoding = 4; lastKnownFileType = text; path = csv_LF.csv; sourceTree = "<group>"; };
		BEA332271536760B00EE8D2D /* FTCSVParserTest.h */ = {isa = PBXFileReference; fileEncoding = 4; lastKnownFileType = sourcecode.c.h; path = FTCSVParserTest.h; sourceTree = "<group>"; };
		BEA332281536760B00EE8D2D /* FTCSVParserTest.m */ = {isa = PBXFileReference; fileEncoding = 4; lastKnownFileType = sourcecode.c.objc; path = FTCSVParserTest.m; sourceTree = "<group>"; };
/* End PBXFileReference section */

/* Begin PBXFrameworksBuildPhase section */
		57B32BAE14C6850000C39CA2 /* Frameworks */ = {
			isa = PBXFrameworksBuildPhase;
			buildActionMask = 2147483647;
			files = (
				57B32BB514C6850000C39CA2 /* Foundation.framework in Frameworks */,
			);
			runOnlyForDeploymentPostprocessing = 0;
		};
		57B32C1014C695A600C39CA2 /* Frameworks */ = {
			isa = PBXFrameworksBuildPhase;
			buildActionMask = 2147483647;
			files = (
				57B32C2C14C6993800C39CA2 /* libFTFoundation.a in Frameworks */,
				57B32C1614C695A600C39CA2 /* SenTestingKit.framework in Frameworks */,
				57B32C1914C695A600C39CA2 /* Foundation.framework in Frameworks */,
			);
			runOnlyForDeploymentPostprocessing = 0;
		};
/* End PBXFrameworksBuildPhase section */

/* Begin PBXGroup section */
		57A47BAD14C80A820004A13A /* Other */ = {
			isa = PBXGroup;
			children = (
				BE7DD6AE154645A000C6D97F /* NSFileManager+Utilities.h */,
				BE7DD6AF154645A000C6D97F /* NSFileManager+Utilities.m */,
				BE99B27A1536BF9600904355 /* FTCFAutorelease.h */,
				BE99B27B1536BF9600904355 /* FTCFAutorelease.m */,
				BE99B27C1536BF9600904355 /* FTNSBlockOperation+SelfReference.h */,
				BE99B27D1536BF9600904355 /* FTNSBlockOperation+SelfReference.m */,
				BE99B27E1536BF9600904355 /* FTNSHTTPCookieStorage+Delete.h */,
				BE99B27F1536BF9600904355 /* FTNSHTTPCookieStorage+Delete.m */,
				BE99B2801536BF9700904355 /* FTWeakDelegateProxy.h */,
				BE99B2811536BF9700904355 /* FTWeakDelegateProxy.m */,
				BE025569150601A70068D91D /* FTKeychain.h */,
				BE02556A150601A70068D91D /* FTKeychain.m */,
				57A47BA614C80A7D0004A13A /* FTCharacterEncodingTool.h */,
				57A47BA714C80A7D0004A13A /* FTCharacterEncodingTool.m */,
				57A47BC814C80DD50004A13A /* FTNSUserDefaults+Ex.h */,
				57A47BC914C80DD50004A13A /* FTNSUserDefaults+Ex.m */,
				57A47BCC14C80E9D0004A13A /* FTNSURL+Query.h */,
				57A47BCD14C80E9D0004A13A /* FTNSURL+Query.m */,
				57A47BD214C8118A0004A13A /* FTNetworkStatus.h */,
				57A47BD314C8118A0004A13A /* FTNetworkStatus.m */,
				57D66C8D14D90EA6004B3759 /* FTNSObject+Tag.h */,
				57D66C8E14D90EA7004B3759 /* FTNSObject+Tag.m */,
				57D66C9214D90F47004B3759 /* FTCSVParser.h */,
				57D66C9314D90F47004B3759 /* FTCSVParser.m */,
				57A8E92B15008EE4006493E4 /* FTMacros.h */,
			);
			name = Other;
			sourceTree = "<group>";
		};
		57B32BA614C6850000C39CA2 = {
			isa = PBXGroup;
			children = (
				57A47BB614C80CAA0004A13A /* FTFoundation_Shared.xcconfig */,
				57B32BB614C6850000C39CA2 /* FTFoundation */,
				57B32C1A14C695A600C39CA2 /* FTFoundationTest */,
				57B32BB314C6850000C39CA2 /* Frameworks */,
				57B32BB214C6850000C39CA2 /* Products */,
			);
			sourceTree = "<group>";
		};
		57B32BB214C6850000C39CA2 /* Products */ = {
			isa = PBXGroup;
			children = (
				57B32BB114C6850000C39CA2 /* libFTFoundation.a */,
				57B32C1414C695A600C39CA2 /* FTFoundationTest.octest */,
			);
			name = Products;
			sourceTree = "<group>";
		};
		57B32BB314C6850000C39CA2 /* Frameworks */ = {
			isa = PBXGroup;
			children = (
				57B32BB414C6850000C39CA2 /* Foundation.framework */,
				57B32C1514C695A600C39CA2 /* SenTestingKit.framework */,
			);
			name = Frameworks;
			sourceTree = "<group>";
		};
		57B32BB614C6850000C39CA2 /* FTFoundation */ = {
			isa = PBXGroup;
			children = (
				57B32BF914C68D9900C39CA2 /* String */,
				57B32C4D14C6B05F00C39CA2 /* Data */,
				57B32C0E14C694CC00C39CA2 /* Code */,
				57D66C9114D90F1F004B3759 /* CoreData */,
				BE5265EF1510697D00C4C909 /* JSON */,
				57A47BAD14C80A820004A13A /* Other */,
				57B32BB714C6850000C39CA2 /* Supporting Files */,
			);
			path = FTFoundation;
			sourceTree = "<group>";
		};
		57B32BB714C6850000C39CA2 /* Supporting Files */ = {
			isa = PBXGroup;
			children = (
				BE8F4253155CE69900881DE8 /* FTFoundation.h */,
				57B32BB814C6850000C39CA2 /* FTFoundation-Prefix.pch */,
			);
			name = "Supporting Files";
			sourceTree = "<group>";
		};
		57B32BF914C68D9900C39CA2 /* String */ = {
			isa = PBXGroup;
			children = (
				57B32BC414C685C600C39CA2 /* FTNSString+Encode.h */,
				57B32BC514C685C600C39CA2 /* FTNSString+Encode.m */,
				57B32BEC14C68A4A00C39CA2 /* FTNSString+DataLength.h */,
				57B32BED14C68A4A00C39CA2 /* FTNSString+DataLength.m */,
				57B32BF114C68BE700C39CA2 /* FTNSString+UUID.h */,
				57B32BF214C68BE700C39CA2 /* FTNSString+UUID.m */,
				57B32BF514C68C3500C39CA2 /* FTNSString+UTI.h */,
				57B32BF614C68C3500C39CA2 /* FTNSString+UTI.m */,
			);
			name = String;
			sourceTree = "<group>";
		};
		57B32C0E14C694CC00C39CA2 /* Code */ = {
			isa = PBXGroup;
			children = (
				57B32BFA14C68DB100C39CA2 /* FTBase64.h */,
				57B32BFB14C68DB100C39CA2 /* FTBase64.m */,
				57B32BFE14C68F2400C39CA2 /* FTCRC.h */,
				57B32BFF14C68F2400C39CA2 /* FTCRC.m */,
				57B32C0214C6901600C39CA2 /* FTMD5.h */,
				57B32C0314C6901600C39CA2 /* FTMD5.m */,
				57B32C0614C6915E00C39CA2 /* FTSHA1.h */,
				57B32C0714C6915E00C39CA2 /* FTSHA1.m */,
				57B32C0A14C6942600C39CA2 /* FTHMAC.h */,
				57B32C0B14C6942600C39CA2 /* FTHMAC.m */,
				57EF27A01551108200C01032 /* FTOAuth10.h */,
				57EF27A11551108200C01032 /* FTOAuth10.m */,
			);
			name = Code;
			sourceTree = "<group>";
		};
		57B32C1A14C695A600C39CA2 /* FTFoundationTest */ = {
			isa = PBXGroup;
			children = (
				57B32C2714C697F200C39CA2 /* FTNSStringEncodeTest.h */,
				57B32C2814C697F200C39CA2 /* FTNSStringEncodeTest.m */,
				57B32C2F14C6A69200C39CA2 /* FTNSStringDataLengthTest.h */,
				57B32C3014C6A69200C39CA2 /* FTNSStringDataLengthTest.m */,
				57B32C3214C6A7C400C39CA2 /* FTBase64Test.h */,
				57B32C3314C6A7C400C39CA2 /* FTBase64Test.m */,
				57B32C3C14C6ABAB00C39CA2 /* FTCRCTest.h */,
				57B32C3D14C6ABAB00C39CA2 /* FTCRCTest.m */,
				57B32C3F14C6AC6200C39CA2 /* FTMD5Test.h */,
				57B32C4014C6AC6200C39CA2 /* FTMD5Test.m */,
				57B32C4214C6AD0B00C39CA2 /* FTSHA1Test.h */,
				57B32C4314C6AD0B00C39CA2 /* FTSHA1Test.m */,
				57B32C4E14C6B09400C39CA2 /* FTNSDataCryptoTest.h */,
				57B32C4F14C6B09400C39CA2 /* FTNSDataCryptoTest.m */,
				BE5265E31510673600C4C909 /* FTJSONSchemaTest.h */,
				BE5265E41510673600C4C909 /* FTJSONSchemaTest.m */,
				BEA332271536760B00EE8D2D /* FTCSVParserTest.h */,
				BEA332281536760B00EE8D2D /* FTCSVParserTest.m */,
				BE5265E71510692B00C4C909 /* Test Data */,
				57B32C1B14C695A600C39CA2 /* Supporting Files */,
				57B32C3B14C6AB6400C39CA2 /* Common.h */,
				572582D514C902C600ACB4B5 /* FTFoundationTest.xcconfig */,
			);
			path = FTFoundationTest;
			sourceTree = "<group>";
		};
		57B32C1B14C695A600C39CA2 /* Supporting Files */ = {
			isa = PBXGroup;
			children = (
				57B32C1C14C695A600C39CA2 /* FTFoundationTest-Info.plist */,
				57B32C1D14C695A600C39CA2 /* InfoPlist.strings */,
				57B32C2314C695A600C39CA2 /* FTFoundationTest-Prefix.pch */,
			);
			name = "Supporting Files";
			sourceTree = "<group>";
		};
		57B32C4D14C6B05F00C39CA2 /* Data */ = {
			isa = PBXGroup;
			children = (
				57B32C4514C6AFB500C39CA2 /* FTNSData+Crypto.h */,
				57B32C4614C6AFB500C39CA2 /* FTNSData+Crypto.m */,
				57B32C4914C6B02800C39CA2 /* FTNSData+Random.h */,
				57B32C4A14C6B02800C39CA2 /* FTNSData+Random.m */,
				57A47BB114C80C300004A13A /* FTNSData+GZip.h */,
				57A47BB214C80C300004A13A /* FTNSData+GZip.m */,
			);
			name = Data;
			sourceTree = "<group>";
		};
		57D66C9114D90F1F004B3759 /* CoreData */ = {
			isa = PBXGroup;
			children = (
				57A47BD014C8118A0004A13A /* FTDataStorage.h */,
				57A47BD114C8118A0004A13A /* FTDataStorage.m */,
				57D66C8814D90E5E004B3759 /* FTNSManagedObjectContext+Save.h */,
				57D66C8914D90E5E004B3759 /* FTNSManagedObjectContext+Save.m */,
			);
			name = CoreData;
			sourceTree = "<group>";
		};
		BE5265E71510692B00C4C909 /* Test Data */ = {
			isa = PBXGroup;
			children = (
				BEA3321F153675F300EE8D2D /* CSV */,
				BE5265E81510695600C4C909 /* JSONSchema */,
			);
			name = "Test Data";
			sourceTree = "<group>";
		};
		BE5265E81510695600C4C909 /* JSONSchema */ = {
			isa = PBXGroup;
			children = (
				BE5265EA1510695600C4C909 /* test1_schema.json */,
				BE5265EB1510695600C4C909 /* test1_valid_1.json */,
				BE5265E91510695600C4C909 /* test1_invalid_1.json */,
				BE1610021519CCF700FDEDE5 /* test2_schema.json */,
				BE1610031519CCF800FDEDE5 /* test2_valid_1.json */,
				BEA331FC153664F200EE8D2D /* test2_invalid_1.json */,
			);
			name = JSONSchema;
			path = TestData/JSONSchema;
			sourceTree = "<group>";
		};
		BE5265EF1510697D00C4C909 /* JSON */ = {
			isa = PBXGroup;
			children = (
				BE5265F0151069AD00C4C909 /* FTJSONSchemaValidator.h */,
				BE5265F1151069AD00C4C909 /* FTJSONSchemaValidator.m */,
			);
			name = JSON;
			sourceTree = "<group>";
		};
		BEA3321F153675F300EE8D2D /* CSV */ = {
			isa = PBXGroup;
			children = (
				BEA33220153675F300EE8D2D /* csv_CR.csv */,
				BEA33221153675F300EE8D2D /* csv_CRLF.csv */,
				BEA33222153675F300EE8D2D /* csv_LF.csv */,
			);
			name = CSV;
			path = TestData/CSV;
			sourceTree = "<group>";
		};
/* End PBXGroup section */

/* Begin PBXHeadersBuildPhase section */
		57B32BAF14C6850000C39CA2 /* Headers */ = {
			isa = PBXHeadersBuildPhase;
			buildActionMask = 2147483647;
			files = (
				57B32BC614C685C600C39CA2 /* FTNSString+Encode.h in Headers */,
				57B32BEE14C68A4A00C39CA2 /* FTNSString+DataLength.h in Headers */,
				57B32BF314C68BE700C39CA2 /* FTNSString+UUID.h in Headers */,
				57B32BF714C68C3500C39CA2 /* FTNSString+UTI.h in Headers */,
				57B32BFC14C68DB100C39CA2 /* FTBase64.h in Headers */,
				57B32C0014C68F2400C39CA2 /* FTCRC.h in Headers */,
				57B32C0414C6901600C39CA2 /* FTMD5.h in Headers */,
				57B32C0814C6915E00C39CA2 /* FTSHA1.h in Headers */,
				57B32C0C14C6942600C39CA2 /* FTHMAC.h in Headers */,
				57B32C4714C6AFB500C39CA2 /* FTNSData+Crypto.h in Headers */,
				57B32C4B14C6B02800C39CA2 /* FTNSData+Random.h in Headers */,
				57A47BAA14C80A7D0004A13A /* FTCharacterEncodingTool.h in Headers */,
				57A47BB314C80C300004A13A /* FTNSData+GZip.h in Headers */,
				57A47BCA14C80DD50004A13A /* FTNSUserDefaults+Ex.h in Headers */,
				57A47BCE14C80E9D0004A13A /* FTNSURL+Query.h in Headers */,
				57A47BD414C8118A0004A13A /* FTDataStorage.h in Headers */,
				57A47BD614C8118A0004A13A /* FTNetworkStatus.h in Headers */,
				57D66C8A14D90E5E004B3759 /* FTNSManagedObjectContext+Save.h in Headers */,
				57D66C8F14D90EA7004B3759 /* FTNSObject+Tag.h in Headers */,
				57D66C9414D90F47004B3759 /* FTCSVParser.h in Headers */,
				57A8E92C15008EE4006493E4 /* FTMacros.h in Headers */,
				BE02556B150601A70068D91D /* FTKeychain.h in Headers */,
				BE5265F2151069AD00C4C909 /* FTJSONSchemaValidator.h in Headers */,
				BE99B2821536BF9700904355 /* FTCFAutorelease.h in Headers */,
				BE99B2841536BF9700904355 /* FTNSBlockOperation+SelfReference.h in Headers */,
				BE99B2861536BF9700904355 /* FTNSHTTPCookieStorage+Delete.h in Headers */,
				BE99B2881536BF9700904355 /* FTWeakDelegateProxy.h in Headers */,
				BE7DD6B0154645A000C6D97F /* NSFileManager+Utilities.h in Headers */,
				57EF27A21551108200C01032 /* FTOAuth10.h in Headers */,
				BE8F4254155CE69900881DE8 /* FTFoundation.h in Headers */,
			);
			runOnlyForDeploymentPostprocessing = 0;
		};
/* End PBXHeadersBuildPhase section */

/* Begin PBXNativeTarget section */
		57B32BB014C6850000C39CA2 /* FTFoundation */ = {
			isa = PBXNativeTarget;
			buildConfigurationList = 57B32BBE14C6850000C39CA2 /* Build configuration list for PBXNativeTarget "FTFoundation" */;
			buildPhases = (
				57B32BAD14C6850000C39CA2 /* Sources */,
				57B32BAE14C6850000C39CA2 /* Frameworks */,
				57B32BAF14C6850000C39CA2 /* Headers */,
			);
			buildRules = (
			);
			dependencies = (
			);
			name = FTFoundation;
			productName = FTFoundation;
			productReference = 57B32BB114C6850000C39CA2 /* libFTFoundation.a */;
			productType = "com.apple.product-type.library.static";
		};
		57B32C1314C695A600C39CA2 /* FTFoundationTest */ = {
			isa = PBXNativeTarget;
			buildConfigurationList = 57B32C2414C695A600C39CA2 /* Build configuration list for PBXNativeTarget "FTFoundationTest" */;
			buildPhases = (
				57B32C0F14C695A600C39CA2 /* Sources */,
				57B32C1014C695A600C39CA2 /* Frameworks */,
				57B32C1114C695A600C39CA2 /* Resources */,
				57B32C1214C695A600C39CA2 /* ShellScript */,
			);
			buildRules = (
			);
			dependencies = (
				57B32C2B14C6993000C39CA2 /* PBXTargetDependency */,
			);
			name = FTFoundationTest;
			productName = FTFoundationTest;
			productReference = 57B32C1414C695A600C39CA2 /* FTFoundationTest.octest */;
			productType = "com.apple.product-type.bundle";
		};
/* End PBXNativeTarget section */

/* Begin PBXProject section */
		57B32BA814C6850000C39CA2 /* Project object */ = {
			isa = PBXProject;
			attributes = {
				LastUpgradeCheck = 0420;
				ORGANIZATIONNAME = "feedtailor inc";
			};
			buildConfigurationList = 57B32BAB14C6850000C39CA2 /* Build configuration list for PBXProject "FTFoundation" */;
			compatibilityVersion = "Xcode 3.2";
			developmentRegion = English;
			hasScannedForEncodings = 0;
			knownRegions = (
				en,
			);
			mainGroup = 57B32BA614C6850000C39CA2;
			productRefGroup = 57B32BB214C6850000C39CA2 /* Products */;
			projectDirPath = "";
			projectRoot = "";
			targets = (
				57B32BB014C6850000C39CA2 /* FTFoundation */,
				57B32C1314C695A600C39CA2 /* FTFoundationTest */,
			);
		};
/* End PBXProject section */

/* Begin PBXResourcesBuildPhase section */
		57B32C1114C695A600C39CA2 /* Resources */ = {
			isa = PBXResourcesBuildPhase;
			buildActionMask = 2147483647;
			files = (
				57B32C1F14C695A600C39CA2 /* InfoPlist.strings in Resources */,
				BE5265EC1510695600C4C909 /* test1_invalid_1.json in Resources */,
				BE5265ED1510695600C4C909 /* test1_schema.json in Resources */,
				BE5265EE1510695600C4C909 /* test1_valid_1.json in Resources */,
				BE1610041519CCF800FDEDE5 /* test2_schema.json in Resources */,
				BE1610051519CCF800FDEDE5 /* test2_valid_1.json in Resources */,
				BEA331FD153664F200EE8D2D /* test2_invalid_1.json in Resources */,
				BEA33223153675F300EE8D2D /* csv_CR.csv in Resources */,
				BEA33224153675F300EE8D2D /* csv_CRLF.csv in Resources */,
				BEA33225153675F300EE8D2D /* csv_LF.csv in Resources */,
			);
			runOnlyForDeploymentPostprocessing = 0;
		};
/* End PBXResourcesBuildPhase section */

/* Begin PBXShellScriptBuildPhase section */
		57B32C1214C695A600C39CA2 /* ShellScript */ = {
			isa = PBXShellScriptBuildPhase;
			buildActionMask = 2147483647;
			files = (
			);
			inputPaths = (
			);
			outputPaths = (
			);
			runOnlyForDeploymentPostprocessing = 0;
			shellPath = /bin/sh;
			shellScript = "# Run the unit tests in this test bundle.\n\"${SYSTEM_DEVELOPER_DIR}/Tools/RunUnitTests\"\n";
		};
/* End PBXShellScriptBuildPhase section */

/* Begin PBXSourcesBuildPhase section */
		57B32BAD14C6850000C39CA2 /* Sources */ = {
			isa = PBXSourcesBuildPhase;
			buildActionMask = 2147483647;
			files = (
				57B32BC714C685C600C39CA2 /* FTNSString+Encode.m in Sources */,
				57B32BEF14C68A4A00C39CA2 /* FTNSString+DataLength.m in Sources */,
				57B32BF414C68BE700C39CA2 /* FTNSString+UUID.m in Sources */,
				57B32BF814C68C3500C39CA2 /* FTNSString+UTI.m in Sources */,
				57B32BFD14C68DB100C39CA2 /* FTBase64.m in Sources */,
				57B32C0114C68F2400C39CA2 /* FTCRC.m in Sources */,
				57B32C0514C6901600C39CA2 /* FTMD5.m in Sources */,
				57B32C0914C6915E00C39CA2 /* FTSHA1.m in Sources */,
				57B32C0D14C6942600C39CA2 /* FTHMAC.m in Sources */,
				57B32C4814C6AFB500C39CA2 /* FTNSData+Crypto.m in Sources */,
				57B32C4C14C6B02800C39CA2 /* FTNSData+Random.m in Sources */,
				57A47BAB14C80A7D0004A13A /* FTCharacterEncodingTool.m in Sources */,
				57A47BB414C80C300004A13A /* FTNSData+GZip.m in Sources */,
				57A47BCB14C80DD50004A13A /* FTNSUserDefaults+Ex.m in Sources */,
				57A47BCF14C80E9D0004A13A /* FTNSURL+Query.m in Sources */,
				57A47BD514C8118A0004A13A /* FTDataStorage.m in Sources */,
				57A47BD714C8118A0004A13A /* FTNetworkStatus.m in Sources */,
				57D66C8B14D90E5E004B3759 /* FTNSManagedObjectContext+Save.m in Sources */,
				57D66C9014D90EA7004B3759 /* FTNSObject+Tag.m in Sources */,
				57D66C9514D90F47004B3759 /* FTCSVParser.m in Sources */,
				BE02556C150601A70068D91D /* FTKeychain.m in Sources */,
				BE5265F3151069AD00C4C909 /* FTJSONSchemaValidator.m in Sources */,
				BE99B2831536BF9700904355 /* FTCFAutorelease.m in Sources */,
				BE99B2851536BF9700904355 /* FTNSBlockOperation+SelfReference.m in Sources */,
				BE99B2871536BF9700904355 /* FTNSHTTPCookieStorage+Delete.m in Sources */,
				BE99B2891536BF9700904355 /* FTWeakDelegateProxy.m in Sources */,
				BE7DD6B1154645A000C6D97F /* NSFileManager+Utilities.m in Sources */,
				57EF27A31551108200C01032 /* FTOAuth10.m in Sources */,
			);
			runOnlyForDeploymentPostprocessing = 0;
		};
		57B32C0F14C695A600C39CA2 /* Sources */ = {
			isa = PBXSourcesBuildPhase;
			buildActionMask = 2147483647;
			files = (
				57B32C2914C697F200C39CA2 /* FTNSStringEncodeTest.m in Sources */,
				57B32C3114C6A69200C39CA2 /* FTNSStringDataLengthTest.m in Sources */,
				57B32C3414C6A7C400C39CA2 /* FTBase64Test.m in Sources */,
				57B32C3E14C6ABAC00C39CA2 /* FTCRCTest.m in Sources */,
				57B32C4114C6AC6200C39CA2 /* FTMD5Test.m in Sources */,
				57B32C4414C6AD0B00C39CA2 /* FTSHA1Test.m in Sources */,
				57B32C5014C6B09400C39CA2 /* FTNSDataCryptoTest.m in Sources */,
				BE5265E51510673600C4C909 /* FTJSONSchemaTest.m in Sources */,
				BEA332291536760B00EE8D2D /* FTCSVParserTest.m in Sources */,
			);
			runOnlyForDeploymentPostprocessing = 0;
		};
/* End PBXSourcesBuildPhase section */

/* Begin PBXTargetDependency section */
		57B32C2B14C6993000C39CA2 /* PBXTargetDependency */ = {
			isa = PBXTargetDependency;
			target = 57B32BB014C6850000C39CA2 /* FTFoundation */;
			targetProxy = 57B32C2A14C6993000C39CA2 /* PBXContainerItemProxy */;
		};
/* End PBXTargetDependency section */

/* Begin PBXVariantGroup section */
		57B32C1D14C695A600C39CA2 /* InfoPlist.strings */ = {
			isa = PBXVariantGroup;
			children = (
				57B32C1E14C695A600C39CA2 /* en */,
			);
			name = InfoPlist.strings;
			sourceTree = "<group>";
		};
/* End PBXVariantGroup section */

/* Begin XCBuildConfiguration section */
		57B32BBC14C6850000C39CA2 /* Debug */ = {
			isa = XCBuildConfiguration;
			buildSettings = {
				ALWAYS_SEARCH_USER_PATHS = NO;
				ARCHS = "$(ARCHS_STANDARD_32_BIT)";
				COPY_PHASE_STRIP = NO;
				GCC_C_LANGUAGE_STANDARD = gnu99;
				GCC_DYNAMIC_NO_PIC = NO;
				GCC_OPTIMIZATION_LEVEL = 0;
				GCC_PREPROCESSOR_DEFINITIONS = (
					"DEBUG=1",
					"$(inherited)",
				);
				GCC_SYMBOLS_PRIVATE_EXTERN = NO;
				GCC_VERSION = com.apple.compilers.llvm.clang.1_0;
				GCC_WARN_ABOUT_MISSING_PROTOTYPES = YES;
				GCC_WARN_ABOUT_RETURN_TYPE = YES;
				GCC_WARN_UNUSED_VARIABLE = YES;
				IPHONEOS_DEPLOYMENT_TARGET = 5.0;
				SDKROOT = iphoneos;
			};
			name = Debug;
		};
		57B32BBD14C6850000C39CA2 /* Release */ = {
			isa = XCBuildConfiguration;
			buildSettings = {
				ALWAYS_SEARCH_USER_PATHS = NO;
				ARCHS = "$(ARCHS_STANDARD_32_BIT)";
				COPY_PHASE_STRIP = YES;
				GCC_C_LANGUAGE_STANDARD = gnu99;
				GCC_VERSION = com.apple.compilers.llvm.clang.1_0;
				GCC_WARN_ABOUT_MISSING_PROTOTYPES = YES;
				GCC_WARN_ABOUT_RETURN_TYPE = YES;
				GCC_WARN_UNUSED_VARIABLE = YES;
				IPHONEOS_DEPLOYMENT_TARGET = 5.0;
				SDKROOT = iphoneos;
				VALIDATE_PRODUCT = YES;
			};
			name = Release;
		};
		57B32BBF14C6850000C39CA2 /* Debug */ = {
			isa = XCBuildConfiguration;
			buildSettings = {
				CLANG_ENABLE_OBJC_ARC = YES;
				DSTROOT = /tmp/FTFoundation.dst;
				GCC_PRECOMPILE_PREFIX_HEADER = YES;
				GCC_PREFIX_HEADER = "FTFoundation/FTFoundation-Prefix.pch";
				OTHER_LDFLAGS = "-ObjC";
				PRODUCT_NAME = "$(TARGET_NAME)";
				SKIP_INSTALL = YES;
			};
			name = Debug;
		};
		57B32BC014C6850000C39CA2 /* Release */ = {
			isa = XCBuildConfiguration;
			buildSettings = {
				CLANG_ENABLE_OBJC_ARC = YES;
				DSTROOT = /tmp/FTFoundation.dst;
				GCC_PRECOMPILE_PREFIX_HEADER = YES;
				GCC_PREFIX_HEADER = "FTFoundation/FTFoundation-Prefix.pch";
				OTHER_LDFLAGS = "-ObjC";
				PRODUCT_NAME = "$(TARGET_NAME)";
				SKIP_INSTALL = YES;
			};
			name = Release;
		};
		57B32C2514C695A600C39CA2 /* Debug */ = {
			isa = XCBuildConfiguration;
			baseConfigurationReference = 572582D514C902C600ACB4B5 /* FTFoundationTest.xcconfig */;
			buildSettings = {
				FRAMEWORK_SEARCH_PATHS = (
					"$(SDKROOT)/Developer/Library/Frameworks",
					"$(DEVELOPER_LIBRARY_DIR)/Frameworks",
				);
				GCC_PRECOMPILE_PREFIX_HEADER = YES;
				GCC_PREFIX_HEADER = "FTFoundationTest/FTFoundationTest-Prefix.pch";
				INFOPLIST_FILE = "FTFoundationTest/FTFoundationTest-Info.plist";
				PRODUCT_NAME = "$(TARGET_NAME)";
				WRAPPER_EXTENSION = octest;
			};
			name = Debug;
		};
		57B32C2614C695A600C39CA2 /* Release */ = {
			isa = XCBuildConfiguration;
			baseConfigurationReference = 572582D514C902C600ACB4B5 /* FTFoundationTest.xcconfig */;
			buildSettings = {
				FRAMEWORK_SEARCH_PATHS = (
					"$(SDKROOT)/Developer/Library/Frameworks",
					"$(DEVELOPER_LIBRARY_DIR)/Frameworks",
				);
				GCC_PRECOMPILE_PREFIX_HEADER = YES;
				GCC_PREFIX_HEADER = "FTFoundationTest/FTFoundationTest-Prefix.pch";
				INFOPLIST_FILE = "FTFoundationTest/FTFoundationTest-Info.plist";
				PRODUCT_NAME = "$(TARGET_NAME)";
				WRAPPER_EXTENSION = octest;
			};
			name = Release;
		};
/* End XCBuildConfiguration section */

/* Begin XCConfigurationList section */
		57B32BAB14C6850000C39CA2 /* Build configuration list for PBXProject "FTFoundation" */ = {
			isa = XCConfigurationList;
			buildConfigurations = (
				57B32BBC14C6850000C39CA2 /* Debug */,
				57B32BBD14C6850000C39CA2 /* Release */,
			);
			defaultConfigurationIsVisible = 0;
			defaultConfigurationName = Release;
		};
		57B32BBE14C6850000C39CA2 /* Build configuration list for PBXNativeTarget "FTFoundation" */ = {
			isa = XCConfigurationList;
			buildConfigurations = (
				57B32BBF14C6850000C39CA2 /* Debug */,
				57B32BC014C6850000C39CA2 /* Release */,
			);
			defaultConfigurationIsVisible = 0;
			defaultConfigurationName = Release;
		};
		57B32C2414C695A600C39CA2 /* Build configuration list for PBXNativeTarget "FTFoundationTest" */ = {
			isa = XCConfigurationList;
			buildConfigurations = (
				57B32C2514C695A600C39CA2 /* Debug */,
				57B32C2614C695A600C39CA2 /* Release */,
			);
			defaultConfigurationIsVisible = 0;
			defaultConfigurationName = Release;
		};
/* End XCConfigurationList section */
	};
	rootObject = 57B32BA814C6850000C39CA2 /* Project object */;
}
